// !$*UTF8*$!
{
	archiveVersion = 1;
	classes = {
	};
	objectVersion = 55;
	objects = {

/* Begin PBXBuildFile section */
		961244852A025ACC006A23A5 /* SearchView.swift in Sources */ = {isa = PBXBuildFile; fileRef = 961244842A025ACC006A23A5 /* SearchView.swift */; };
		961244882A026014006A23A5 /* GenreDetailView.swift in Sources */ = {isa = PBXBuildFile; fileRef = 961244872A026014006A23A5 /* GenreDetailView.swift */; };
		9612448B2A026076006A23A5 /* MovieByGenreView.swift in Sources */ = {isa = PBXBuildFile; fileRef = 9612448A2A026076006A23A5 /* MovieByGenreView.swift */; };
		9624CA0D29D33827002D6B1F /* CancelBag.swift in Sources */ = {isa = PBXBuildFile; fileRef = 9624CA0C29D33827002D6B1F /* CancelBag.swift */; };
		9628E42929EA66B20069EC6E /* AppDelegate.swift in Sources */ = {isa = PBXBuildFile; fileRef = 9628E42829EA66B20069EC6E /* AppDelegate.swift */; };
		962BF3972A46385E00B4C202 /* MovieDecodingError.swift in Sources */ = {isa = PBXBuildFile; fileRef = 962BF3962A46385E00B4C202 /* MovieDecodingError.swift */; };
		962BF3992A465FDD00B4C202 /* CreditRepository.swift in Sources */ = {isa = PBXBuildFile; fileRef = 962BF3982A465FDD00B4C202 /* CreditRepository.swift */; };
		962BF39B2A46615300B4C202 /* Cast.swift in Sources */ = {isa = PBXBuildFile; fileRef = 962BF39A2A46615300B4C202 /* Cast.swift */; };
		962BF39D2A46625700B4C202 /* Person.swift in Sources */ = {isa = PBXBuildFile; fileRef = 962BF39C2A46625700B4C202 /* Person.swift */; };
		962BF39F2A46641200B4C202 /* Department.swift in Sources */ = {isa = PBXBuildFile; fileRef = 962BF39E2A46641200B4C202 /* Department.swift */; };
		962BF3A12A46641F00B4C202 /* Crew.swift in Sources */ = {isa = PBXBuildFile; fileRef = 962BF3A02A46641F00B4C202 /* Crew.swift */; };
		962BF3A32A46651900B4C202 /* CreditRequest.swift in Sources */ = {isa = PBXBuildFile; fileRef = 962BF3A22A46651900B4C202 /* CreditRequest.swift */; };
		962BF3A52A46655000B4C202 /* CreditResponse.swift in Sources */ = {isa = PBXBuildFile; fileRef = 962BF3A42A46655000B4C202 /* CreditResponse.swift */; };
		962BF3AA2A46C06E00B4C202 /* MovieExpandText.swift in Sources */ = {isa = PBXBuildFile; fileRef = 962BF3A92A46C06E00B4C202 /* MovieExpandText.swift */; };
		962BF3AD2A46F63C00B4C202 /* MovieExpandText+.swift in Sources */ = {isa = PBXBuildFile; fileRef = 962BF3AC2A46F63C00B4C202 /* MovieExpandText+.swift */; };
		9642842F2A2AE91200A22959 /* SearchResultView.swift in Sources */ = {isa = PBXBuildFile; fileRef = 9642842E2A2AE91200A22959 /* SearchResultView.swift */; };
		964681F32A1BBD3700C0ADA0 /* DateFormatter.swift in Sources */ = {isa = PBXBuildFile; fileRef = 964681F22A1BBD3700C0ADA0 /* DateFormatter.swift */; };
		964B6F932A4349C30082ADE8 /* Cosmos in Frameworks */ = {isa = PBXBuildFile; productRef = 964B6F922A4349C30082ADE8 /* Cosmos */; };
		964B6F952A434BBD0082ADE8 /* MovieCosmosView.swift in Sources */ = {isa = PBXBuildFile; fileRef = 964B6F942A434BBD0082ADE8 /* MovieCosmosView.swift */; };
		9650CFFC2A4C83C200E3C11F /* SizePreferenceKey.swift in Sources */ = {isa = PBXBuildFile; fileRef = 9650CFFB2A4C83C200E3C11F /* SizePreferenceKey.swift */; };
		9655EB592A1E6DDB00695A68 /* MovieDetailView.swift in Sources */ = {isa = PBXBuildFile; fileRef = 9655EB582A1E6DDB00695A68 /* MovieDetailView.swift */; };
		965A9ED22A2365760013629D /* SearchHeaderView.swift in Sources */ = {isa = PBXBuildFile; fileRef = 965A9ED12A2365760013629D /* SearchHeaderView.swift */; };
		965DE6EB2A07E873009D9472 /* ScoreView.swift in Sources */ = {isa = PBXBuildFile; fileRef = 965DE6EA2A07E873009D9472 /* ScoreView.swift */; };
		966CF57F29BE240A00FDA266 /* GenreViewModel.swift in Sources */ = {isa = PBXBuildFile; fileRef = 966CF57E29BE240A00FDA266 /* GenreViewModel.swift */; };
		9671352029BCC18B0023CCD2 /* APIService.swift in Sources */ = {isa = PBXBuildFile; fileRef = 9671351F29BCC18B0023CCD2 /* APIService.swift */; };
		9671352329BCC54D0023CCD2 /* GenreResponse.swift in Sources */ = {isa = PBXBuildFile; fileRef = 9671352229BCC54D0023CCD2 /* GenreResponse.swift */; };
		9675E1A62A4498CE00EC6025 /* MovieDetailViewModel.swift in Sources */ = {isa = PBXBuildFile; fileRef = 9675E1A52A4498CE00EC6025 /* MovieDetailViewModel.swift */; };
		9675E1A82A44994100EC6025 /* MovieDetailNavigator.swift in Sources */ = {isa = PBXBuildFile; fileRef = 9675E1A72A44994100EC6025 /* MovieDetailNavigator.swift */; };
		9675E1AA2A449B3B00EC6025 /* MovieDetailUseCase.swift in Sources */ = {isa = PBXBuildFile; fileRef = 9675E1A92A449B3B00EC6025 /* MovieDetailUseCase.swift */; };
		9677618729C753EC00DA942E /* AlertMessage.swift in Sources */ = {isa = PBXBuildFile; fileRef = 9677618629C753EC00DA942E /* AlertMessage.swift */; };
		967761A229C768FA00DA942E /* Color+.swift in Sources */ = {isa = PBXBuildFile; fileRef = 9677618A29C768FA00DA942E /* Color+.swift */; };
		967761A329C768FA00DA942E /* GenreView.swift in Sources */ = {isa = PBXBuildFile; fileRef = 9677618C29C768FA00DA942E /* GenreView.swift */; };
		967761A429C768FA00DA942E /* GenreCellView.swift in Sources */ = {isa = PBXBuildFile; fileRef = 9677618D29C768FA00DA942E /* GenreCellView.swift */; };
		967761A629C768FA00DA942E /* AlertMessage.swift in Sources */ = {isa = PBXBuildFile; fileRef = 9677619129C768FA00DA942E /* AlertMessage.swift */; };
		967761A729C768FA00DA942E /* MovieNavigationHeaderView.swift in Sources */ = {isa = PBXBuildFile; fileRef = 9677619329C768FA00DA942E /* MovieNavigationHeaderView.swift */; };
		967761A929C768FA00DA942E /* Genre.swift in Sources */ = {isa = PBXBuildFile; fileRef = 9677619729C768FA00DA942E /* Genre.swift */; };
		967761AA29C768FA00DA942E /* WalkThough.swift in Sources */ = {isa = PBXBuildFile; fileRef = 9677619829C768FA00DA942E /* WalkThough.swift */; };
		967761AB29C768FA00DA942E /* WalkThoughtView.swift in Sources */ = {isa = PBXBuildFile; fileRef = 9677619A29C768FA00DA942E /* WalkThoughtView.swift */; };
		967761AC29C768FA00DA942E /* WalkThoughOverlayView.swift in Sources */ = {isa = PBXBuildFile; fileRef = 9677619B29C768FA00DA942E /* WalkThoughOverlayView.swift */; };
		967761AD29C768FA00DA942E /* WalkThoughtNextButtonView.swift in Sources */ = {isa = PBXBuildFile; fileRef = 9677619C29C768FA00DA942E /* WalkThoughtNextButtonView.swift */; };
		967761AE29C768FA00DA942E /* ListWalkThoughtView.swift in Sources */ = {isa = PBXBuildFile; fileRef = 9677619D29C768FA00DA942E /* ListWalkThoughtView.swift */; };
		967761AF29C768FA00DA942E /* WalkThoughtGetStartedView.swift in Sources */ = {isa = PBXBuildFile; fileRef = 9677619E29C768FA00DA942E /* WalkThoughtGetStartedView.swift */; };
		967761B029C768FA00DA942E /* WalkThoughListDotView.swift in Sources */ = {isa = PBXBuildFile; fileRef = 9677619F29C768FA00DA942E /* WalkThoughListDotView.swift */; };
		967761B129C768FA00DA942E /* MovieLinearGradient.swift in Sources */ = {isa = PBXBuildFile; fileRef = 967761A129C768FA00DA942E /* MovieLinearGradient.swift */; };
		9687201229EC4F8000AFCC9D /* AppNavigator.swift in Sources */ = {isa = PBXBuildFile; fileRef = 9687201029EC4F8000AFCC9D /* AppNavigator.swift */; };
		9687201329EC4F8000AFCC9D /* AppViewModel.swift in Sources */ = {isa = PBXBuildFile; fileRef = 9687201129EC4F8000AFCC9D /* AppViewModel.swift */; };
		9690CE782A4DCFD300C26A09 /* HomeNavigator.swift in Sources */ = {isa = PBXBuildFile; fileRef = 9690CE772A4DCFD300C26A09 /* HomeNavigator.swift */; };
		9691D81A2A03FC1000650B1B /* HomeTopRateGridView.swift in Sources */ = {isa = PBXBuildFile; fileRef = 9691D8192A03FC1000650B1B /* HomeTopRateGridView.swift */; };
		9693552729BD74BD006D4DE5 /* ServiceBaseRequest.swift in Sources */ = {isa = PBXBuildFile; fileRef = 9693552629BD74BD006D4DE5 /* ServiceBaseRequest.swift */; };
		9693552929BD75C8006D4DE5 /* HTTPMethod.swift in Sources */ = {isa = PBXBuildFile; fileRef = 9693552829BD75C8006D4DE5 /* HTTPMethod.swift */; };
		9693552C29BD7839006D4DE5 /* API.swift in Sources */ = {isa = PBXBuildFile; fileRef = 9693552B29BD7839006D4DE5 /* API.swift */; };
		9693552E29BD7910006D4DE5 /* GenreRequest.swift in Sources */ = {isa = PBXBuildFile; fileRef = 9693552D29BD7910006D4DE5 /* GenreRequest.swift */; };
		9693553029BD7933006D4DE5 /* URLs.swift in Sources */ = {isa = PBXBuildFile; fileRef = 9693552F29BD7933006D4DE5 /* URLs.swift */; };
		9693553229BD7AD1006D4DE5 /* ServiceBaseRepository.swift in Sources */ = {isa = PBXBuildFile; fileRef = 9693553129BD7AD1006D4DE5 /* ServiceBaseRepository.swift */; };
		9693553529BD7B36006D4DE5 /* GenreRepository.swift in Sources */ = {isa = PBXBuildFile; fileRef = 9693553429BD7B36006D4DE5 /* GenreRepository.swift */; };
		969A6C422A517763008FD6B6 /* PosterScoreView.swift in Sources */ = {isa = PBXBuildFile; fileRef = 969A6C412A517763008FD6B6 /* PosterScoreView.swift */; };
		969A6C442A5177A9008FD6B6 /* MovieInforView.swift in Sources */ = {isa = PBXBuildFile; fileRef = 969A6C432A5177A9008FD6B6 /* MovieInforView.swift */; };
		96A0EE492A18CF61004CEABB /* MovieNavigationView.swift in Sources */ = {isa = PBXBuildFile; fileRef = 96A0EE482A18CF61004CEABB /* MovieNavigationView.swift */; };
		96A3CCFC2A2217BC00C56816 /* CategoryHeaderView.swift in Sources */ = {isa = PBXBuildFile; fileRef = 96A3CCFB2A2217BC00C56816 /* CategoryHeaderView.swift */; };
		96AB8C152A41DDE2004C6B6E /* CastView.swift in Sources */ = {isa = PBXBuildFile; fileRef = 96AB8C142A41DDE2004C6B6E /* CastView.swift */; };
		96AB8C172A41DEEF004C6B6E /* ListCastMovieDetailView.swift in Sources */ = {isa = PBXBuildFile; fileRef = 96AB8C162A41DEEF004C6B6E /* ListCastMovieDetailView.swift */; };
		96AF5E502A00170F00F5F5AA /* CategoryNavigator.swift in Sources */ = {isa = PBXBuildFile; fileRef = 96AF5E4F2A00170F00F5F5AA /* CategoryNavigator.swift */; };
		96B87EAF2A4F27C60080F40F /* TrailerView.swift in Sources */ = {isa = PBXBuildFile; fileRef = 96B87EAE2A4F27C60080F40F /* TrailerView.swift */; };
		96B87EB22A4F29590080F40F /* CastDetailView.swift in Sources */ = {isa = PBXBuildFile; fileRef = 96B87EB12A4F29590080F40F /* CastDetailView.swift */; };
		96B94B8829D0025E0014B62F /* ViewModel.swift in Sources */ = {isa = PBXBuildFile; fileRef = 96B94B8629D0025E0014B62F /* ViewModel.swift */; };
		96B94B8929D0025E0014B62F /* Observable.swift in Sources */ = {isa = PBXBuildFile; fileRef = 96B94B8729D0025E0014B62F /* Observable.swift */; };
		96B94B8B29D004C10014B62F /* Int+ in Sources */ = {isa = PBXBuildFile; fileRef = 96B94B8A29D004C10014B62F /* Int+ */; };
		96B94B8D29D005550014B62F /* GenreUseCase.swift in Sources */ = {isa = PBXBuildFile; fileRef = 96B94B8C29D005550014B62F /* GenreUseCase.swift */; };
		96BA16462A02C13C009076C2 /* TabbarNavigator.swift in Sources */ = {isa = PBXBuildFile; fileRef = 96BA16422A02C13C009076C2 /* TabbarNavigator.swift */; };
		96BA16472A02C13C009076C2 /* TabbarViewModel.swift in Sources */ = {isa = PBXBuildFile; fileRef = 96BA16432A02C13C009076C2 /* TabbarViewModel.swift */; };
		96BA16482A02C13C009076C2 /* TabBar.storyboard in Resources */ = {isa = PBXBuildFile; fileRef = 96BA16442A02C13C009076C2 /* TabBar.storyboard */; };
		96BA16492A02C13C009076C2 /* TabBarController.swift in Sources */ = {isa = PBXBuildFile; fileRef = 96BA16452A02C13C009076C2 /* TabBarController.swift */; };
		96BA164D2A02C19D009076C2 /* Screen.swift in Sources */ = {isa = PBXBuildFile; fileRef = 96BA164B2A02C19D009076C2 /* Screen.swift */; };
		96BA164E2A02C19D009076C2 /* DictionaryPrinter.swift in Sources */ = {isa = PBXBuildFile; fileRef = 96BA164C2A02C19D009076C2 /* DictionaryPrinter.swift */; };
		96BE2BD22A1A1C3B00D2159B /* HomeViewModel.swift in Sources */ = {isa = PBXBuildFile; fileRef = 96BE2BD12A1A1C3B00D2159B /* HomeViewModel.swift */; };
		96BE2BD42A1A1D0400D2159B /* HomeNavigator.swift in Sources */ = {isa = PBXBuildFile; fileRef = 96BE2BD32A1A1D0400D2159B /* HomeNavigator.swift */; };
		96BE2BD62A1A1D0E00D2159B /* HomeUseCase.swift in Sources */ = {isa = PBXBuildFile; fileRef = 96BE2BD52A1A1D0E00D2159B /* HomeUseCase.swift */; };
		96BE2BD82A1A1EDC00D2159B /* Movie.swift in Sources */ = {isa = PBXBuildFile; fileRef = 96BE2BD72A1A1EDC00D2159B /* Movie.swift */; };
		96BE2BDA2A1A1F1B00D2159B /* Dates.swift in Sources */ = {isa = PBXBuildFile; fileRef = 96BE2BD92A1A1F1B00D2159B /* Dates.swift */; };
		96BE2BDC2A1A1F5300D2159B /* MovieResponse.swift in Sources */ = {isa = PBXBuildFile; fileRef = 96BE2BDB2A1A1F5300D2159B /* MovieResponse.swift */; };
		96BE2BDE2A1A1F7D00D2159B /* MovieRepository.swift in Sources */ = {isa = PBXBuildFile; fileRef = 96BE2BDD2A1A1F7D00D2159B /* MovieRepository.swift */; };
		96BE2BE02A1A202A00D2159B /* MovieRequest.swift in Sources */ = {isa = PBXBuildFile; fileRef = 96BE2BDF2A1A202A00D2159B /* MovieRequest.swift */; };
		96C18A9F2A1A62E700527614 /* MovieType.swift in Sources */ = {isa = PBXBuildFile; fileRef = 96C18A9E2A1A62E700527614 /* MovieType.swift */; };
		96CA27A52A3D620B001153E3 /* GenreHeaderSearchView.swift in Sources */ = {isa = PBXBuildFile; fileRef = 96CA27A42A3D620B001153E3 /* GenreHeaderSearchView.swift */; };
		96CA27AA2A3D9E17001153E3 /* HeaderMovieDetailView.swift in Sources */ = {isa = PBXBuildFile; fileRef = 96CA27A92A3D9E17001153E3 /* HeaderMovieDetailView.swift */; };
		96CA27AC2A3DA1CB001153E3 /* BackGroundMovieDetailView.swift in Sources */ = {isa = PBXBuildFile; fileRef = 96CA27AB2A3DA1CB001153E3 /* BackGroundMovieDetailView.swift */; };
		96CA27AE2A3DA460001153E3 /* PosterMovieDetailView.swift in Sources */ = {isa = PBXBuildFile; fileRef = 96CA27AD2A3DA460001153E3 /* PosterMovieDetailView.swift */; };
		96CF95562A570E2C00054145 /* MovieByGenreViewModel.swift in Sources */ = {isa = PBXBuildFile; fileRef = 96CF95552A570E2C00054145 /* MovieByGenreViewModel.swift */; };
		96CF955A2A57293200054145 /* MovieByGenreNavigator.swift in Sources */ = {isa = PBXBuildFile; fileRef = 96CF95592A57293200054145 /* MovieByGenreNavigator.swift */; };
		96D81BBE29C566520097A24F /* BaseError.swift in Sources */ = {isa = PBXBuildFile; fileRef = 96D81BBD29C566520097A24F /* BaseError.swift */; };
		96D81BC129C566D00097A24F /* HTTPStatusCode.swift in Sources */ = {isa = PBXBuildFile; fileRef = 96D81BC029C566D00097A24F /* HTTPStatusCode.swift */; };
		96D8867529BA217C00534530 /* HomeNowArrayView.swift in Sources */ = {isa = PBXBuildFile; fileRef = 96D8867429BA217C00534530 /* HomeNowArrayView.swift */; };
		96E2057429C20EB800DE9F73 /* Driver.swift in Sources */ = {isa = PBXBuildFile; fileRef = 96E2057329C20EB800DE9F73 /* Driver.swift */; };
		96E2057629C20F0D00DE9F73 /* ErrorTracker.swift in Sources */ = {isa = PBXBuildFile; fileRef = 96E2057529C20F0D00DE9F73 /* ErrorTracker.swift */; };
		96E2057829C20F2400DE9F73 /* ActivityTracker.swift in Sources */ = {isa = PBXBuildFile; fileRef = 96E2057729C20F2400DE9F73 /* ActivityTracker.swift */; };
		96E21ED92A5031D400DE47F3 /* MovieByGenreUseCase.swift in Sources */ = {isa = PBXBuildFile; fileRef = 96E21ED82A5031D400DE47F3 /* MovieByGenreUseCase.swift */; };
		96E21EDB2A503A9C00DE47F3 /* MovieByGenreHeaderView.swift in Sources */ = {isa = PBXBuildFile; fileRef = 96E21EDA2A503A9C00DE47F3 /* MovieByGenreHeaderView.swift */; };
		96E21EDD2A503B5100DE47F3 /* MovieByGenreCell.swift in Sources */ = {isa = PBXBuildFile; fileRef = 96E21EDC2A503B5100DE47F3 /* MovieByGenreCell.swift */; };
		96E417142A1D06F200A41D74 /* Int+.swift in Sources */ = {isa = PBXBuildFile; fileRef = 96E417132A1D06F200A41D74 /* Int+.swift */; };
		96EB4D4C29F3DF0E006EB86D /* WalkThoughtListViewModel.swift in Sources */ = {isa = PBXBuildFile; fileRef = 96EB4D4B29F3DF0E006EB86D /* WalkThoughtListViewModel.swift */; };
		96EB4D4E29F3E83E006EB86D /* WalkThoughtListNavigator.swift in Sources */ = {isa = PBXBuildFile; fileRef = 96EB4D4D29F3E83E006EB86D /* WalkThoughtListNavigator.swift */; };
		96FA41412A2638A10077D80D /* SearchViewModel.swift in Sources */ = {isa = PBXBuildFile; fileRef = 96FA41402A2638A10077D80D /* SearchViewModel.swift */; };
		96FA41432A26393B0077D80D /* SearchNavigator.swift in Sources */ = {isa = PBXBuildFile; fileRef = 96FA41422A26393B0077D80D /* SearchNavigator.swift */; };
		96FA41452A2639730077D80D /* SearchUseCase.swift in Sources */ = {isa = PBXBuildFile; fileRef = 96FA41442A2639730077D80D /* SearchUseCase.swift */; };
		96FA41472A2647110077D80D /* SearchRequest.swift in Sources */ = {isa = PBXBuildFile; fileRef = 96FA41462A2647110077D80D /* SearchRequest.swift */; };
		A43A152828BE73EA000437F4 /* (null) in Sources */ = {isa = PBXBuildFile; };
		A43A152A28BE73EA000437F4 /* (null) in Sources */ = {isa = PBXBuildFile; };
		A43A152C28BE73ED000437F4 /* Assets.xcassets in Resources */ = {isa = PBXBuildFile; fileRef = A43A152B28BE73ED000437F4 /* Assets.xcassets */; };
		A43A152F28BE73ED000437F4 /* Preview Assets.xcassets in Resources */ = {isa = PBXBuildFile; fileRef = A43A152E28BE73ED000437F4 /* Preview Assets.xcassets */; };
		A43A153728BE75ED000437F4 /* HomeView.swift in Sources */ = {isa = PBXBuildFile; fileRef = A43A153628BE75ED000437F4 /* HomeView.swift */; };
		A43A153A28BE7662000437F4 /* HomeNowView.swift in Sources */ = {isa = PBXBuildFile; fileRef = A43A153928BE7662000437F4 /* HomeNowView.swift */; };
		A43A153C28BF6A04000437F4 /* HomeTopRateView.swift in Sources */ = {isa = PBXBuildFile; fileRef = A43A153B28BF6A04000437F4 /* HomeTopRateView.swift */; };
/* End PBXBuildFile section */

/* Begin PBXFileReference section */
		961244842A025ACC006A23A5 /* SearchView.swift */ = {isa = PBXFileReference; lastKnownFileType = sourcecode.swift; path = SearchView.swift; sourceTree = "<group>"; };
		961244872A026014006A23A5 /* GenreDetailView.swift */ = {isa = PBXFileReference; lastKnownFileType = sourcecode.swift; path = GenreDetailView.swift; sourceTree = "<group>"; };
		9612448A2A026076006A23A5 /* MovieByGenreView.swift */ = {isa = PBXFileReference; lastKnownFileType = sourcecode.swift; path = MovieByGenreView.swift; sourceTree = "<group>"; };
		9624CA0C29D33827002D6B1F /* CancelBag.swift */ = {isa = PBXFileReference; lastKnownFileType = sourcecode.swift; path = CancelBag.swift; sourceTree = "<group>"; };
		9628E42829EA66B20069EC6E /* AppDelegate.swift */ = {isa = PBXFileReference; lastKnownFileType = sourcecode.swift; path = AppDelegate.swift; sourceTree = "<group>"; };
		962BF3962A46385E00B4C202 /* MovieDecodingError.swift */ = {isa = PBXFileReference; lastKnownFileType = sourcecode.swift; path = MovieDecodingError.swift; sourceTree = "<group>"; };
		962BF3982A465FDD00B4C202 /* CreditRepository.swift */ = {isa = PBXFileReference; lastKnownFileType = sourcecode.swift; path = CreditRepository.swift; sourceTree = "<group>"; };
		962BF39A2A46615300B4C202 /* Cast.swift */ = {isa = PBXFileReference; lastKnownFileType = sourcecode.swift; path = Cast.swift; sourceTree = "<group>"; };
		962BF39C2A46625700B4C202 /* Person.swift */ = {isa = PBXFileReference; lastKnownFileType = sourcecode.swift; path = Person.swift; sourceTree = "<group>"; };
		962BF39E2A46641200B4C202 /* Department.swift */ = {isa = PBXFileReference; lastKnownFileType = sourcecode.swift; path = Department.swift; sourceTree = "<group>"; };
		962BF3A02A46641F00B4C202 /* Crew.swift */ = {isa = PBXFileReference; lastKnownFileType = sourcecode.swift; path = Crew.swift; sourceTree = "<group>"; };
		962BF3A22A46651900B4C202 /* CreditRequest.swift */ = {isa = PBXFileReference; lastKnownFileType = sourcecode.swift; path = CreditRequest.swift; sourceTree = "<group>"; };
		962BF3A42A46655000B4C202 /* CreditResponse.swift */ = {isa = PBXFileReference; lastKnownFileType = sourcecode.swift; path = CreditResponse.swift; sourceTree = "<group>"; };
		962BF3A92A46C06E00B4C202 /* MovieExpandText.swift */ = {isa = PBXFileReference; lastKnownFileType = sourcecode.swift; path = MovieExpandText.swift; sourceTree = "<group>"; };
		962BF3AC2A46F63C00B4C202 /* MovieExpandText+.swift */ = {isa = PBXFileReference; lastKnownFileType = sourcecode.swift; path = "MovieExpandText+.swift"; sourceTree = "<group>"; };
		9642842E2A2AE91200A22959 /* SearchResultView.swift */ = {isa = PBXFileReference; lastKnownFileType = sourcecode.swift; path = SearchResultView.swift; sourceTree = "<group>"; };
		964681F22A1BBD3700C0ADA0 /* DateFormatter.swift */ = {isa = PBXFileReference; lastKnownFileType = sourcecode.swift; path = DateFormatter.swift; sourceTree = "<group>"; };
		964B6F942A434BBD0082ADE8 /* MovieCosmosView.swift */ = {isa = PBXFileReference; lastKnownFileType = sourcecode.swift; path = MovieCosmosView.swift; sourceTree = "<group>"; };
		9650CFFB2A4C83C200E3C11F /* SizePreferenceKey.swift */ = {isa = PBXFileReference; lastKnownFileType = sourcecode.swift; path = SizePreferenceKey.swift; sourceTree = "<group>"; };
		9655EB582A1E6DDB00695A68 /* MovieDetailView.swift */ = {isa = PBXFileReference; lastKnownFileType = sourcecode.swift; path = MovieDetailView.swift; sourceTree = "<group>"; };
		965A9ED12A2365760013629D /* SearchHeaderView.swift */ = {isa = PBXFileReference; lastKnownFileType = sourcecode.swift; path = SearchHeaderView.swift; sourceTree = "<group>"; };
		965DE6EA2A07E873009D9472 /* ScoreView.swift */ = {isa = PBXFileReference; lastKnownFileType = sourcecode.swift; path = ScoreView.swift; sourceTree = "<group>"; };
		966CF57E29BE240A00FDA266 /* GenreViewModel.swift */ = {isa = PBXFileReference; lastKnownFileType = sourcecode.swift; path = GenreViewModel.swift; sourceTree = "<group>"; };
		9671351F29BCC18B0023CCD2 /* APIService.swift */ = {isa = PBXFileReference; lastKnownFileType = sourcecode.swift; path = APIService.swift; sourceTree = "<group>"; };
		9671352229BCC54D0023CCD2 /* GenreResponse.swift */ = {isa = PBXFileReference; lastKnownFileType = sourcecode.swift; path = GenreResponse.swift; sourceTree = "<group>"; };
		9675E1A52A4498CE00EC6025 /* MovieDetailViewModel.swift */ = {isa = PBXFileReference; lastKnownFileType = sourcecode.swift; path = MovieDetailViewModel.swift; sourceTree = "<group>"; };
		9675E1A72A44994100EC6025 /* MovieDetailNavigator.swift */ = {isa = PBXFileReference; lastKnownFileType = sourcecode.swift; path = MovieDetailNavigator.swift; sourceTree = "<group>"; };
		9675E1A92A449B3B00EC6025 /* MovieDetailUseCase.swift */ = {isa = PBXFileReference; lastKnownFileType = sourcecode.swift; path = MovieDetailUseCase.swift; sourceTree = "<group>"; };
		9677618629C753EC00DA942E /* AlertMessage.swift */ = {isa = PBXFileReference; lastKnownFileType = sourcecode.swift; path = AlertMessage.swift; sourceTree = "<group>"; };
		9677618A29C768FA00DA942E /* Color+.swift */ = {isa = PBXFileReference; fileEncoding = 4; lastKnownFileType = sourcecode.swift; path = "Color+.swift"; sourceTree = "<group>"; };
		9677618C29C768FA00DA942E /* GenreView.swift */ = {isa = PBXFileReference; fileEncoding = 4; lastKnownFileType = sourcecode.swift; path = GenreView.swift; sourceTree = "<group>"; };
		9677618D29C768FA00DA942E /* GenreCellView.swift */ = {isa = PBXFileReference; fileEncoding = 4; lastKnownFileType = sourcecode.swift; path = GenreCellView.swift; sourceTree = "<group>"; };
		9677619129C768FA00DA942E /* AlertMessage.swift */ = {isa = PBXFileReference; fileEncoding = 4; lastKnownFileType = sourcecode.swift; path = AlertMessage.swift; sourceTree = "<group>"; };
		9677619329C768FA00DA942E /* MovieNavigationHeaderView.swift */ = {isa = PBXFileReference; fileEncoding = 4; lastKnownFileType = sourcecode.swift; path = MovieNavigationHeaderView.swift; sourceTree = "<group>"; };
		9677619729C768FA00DA942E /* Genre.swift */ = {isa = PBXFileReference; fileEncoding = 4; lastKnownFileType = sourcecode.swift; path = Genre.swift; sourceTree = "<group>"; };
		9677619829C768FA00DA942E /* WalkThough.swift */ = {isa = PBXFileReference; fileEncoding = 4; lastKnownFileType = sourcecode.swift; path = WalkThough.swift; sourceTree = "<group>"; };
		9677619A29C768FA00DA942E /* WalkThoughtView.swift */ = {isa = PBXFileReference; fileEncoding = 4; lastKnownFileType = sourcecode.swift; path = WalkThoughtView.swift; sourceTree = "<group>"; };
		9677619B29C768FA00DA942E /* WalkThoughOverlayView.swift */ = {isa = PBXFileReference; fileEncoding = 4; lastKnownFileType = sourcecode.swift; path = WalkThoughOverlayView.swift; sourceTree = "<group>"; };
		9677619C29C768FA00DA942E /* WalkThoughtNextButtonView.swift */ = {isa = PBXFileReference; fileEncoding = 4; lastKnownFileType = sourcecode.swift; path = WalkThoughtNextButtonView.swift; sourceTree = "<group>"; };
		9677619D29C768FA00DA942E /* ListWalkThoughtView.swift */ = {isa = PBXFileReference; fileEncoding = 4; lastKnownFileType = sourcecode.swift; path = ListWalkThoughtView.swift; sourceTree = "<group>"; };
		9677619E29C768FA00DA942E /* WalkThoughtGetStartedView.swift */ = {isa = PBXFileReference; fileEncoding = 4; lastKnownFileType = sourcecode.swift; path = WalkThoughtGetStartedView.swift; sourceTree = "<group>"; };
		9677619F29C768FA00DA942E /* WalkThoughListDotView.swift */ = {isa = PBXFileReference; fileEncoding = 4; lastKnownFileType = sourcecode.swift; path = WalkThoughListDotView.swift; sourceTree = "<group>"; };
		967761A129C768FA00DA942E /* MovieLinearGradient.swift */ = {isa = PBXFileReference; fileEncoding = 4; lastKnownFileType = sourcecode.swift; path = MovieLinearGradient.swift; sourceTree = "<group>"; };
		9687201029EC4F8000AFCC9D /* AppNavigator.swift */ = {isa = PBXFileReference; fileEncoding = 4; lastKnownFileType = sourcecode.swift; path = AppNavigator.swift; sourceTree = "<group>"; };
		9687201129EC4F8000AFCC9D /* AppViewModel.swift */ = {isa = PBXFileReference; fileEncoding = 4; lastKnownFileType = sourcecode.swift; path = AppViewModel.swift; sourceTree = "<group>"; };
		9690CE772A4DCFD300C26A09 /* HomeNavigator.swift */ = {isa = PBXFileReference; fileEncoding = 4; lastKnownFileType = sourcecode.swift; path = HomeNavigator.swift; sourceTree = "<group>"; };
		9691D8192A03FC1000650B1B /* HomeTopRateGridView.swift */ = {isa = PBXFileReference; lastKnownFileType = sourcecode.swift; path = HomeTopRateGridView.swift; sourceTree = "<group>"; };
		9693552629BD74BD006D4DE5 /* ServiceBaseRequest.swift */ = {isa = PBXFileReference; lastKnownFileType = sourcecode.swift; path = ServiceBaseRequest.swift; sourceTree = "<group>"; };
		9693552829BD75C8006D4DE5 /* HTTPMethod.swift */ = {isa = PBXFileReference; lastKnownFileType = sourcecode.swift; path = HTTPMethod.swift; sourceTree = "<group>"; };
		9693552B29BD7839006D4DE5 /* API.swift */ = {isa = PBXFileReference; lastKnownFileType = sourcecode.swift; path = API.swift; sourceTree = "<group>"; };
		9693552D29BD7910006D4DE5 /* GenreRequest.swift */ = {isa = PBXFileReference; lastKnownFileType = sourcecode.swift; path = GenreRequest.swift; sourceTree = "<group>"; };
		9693552F29BD7933006D4DE5 /* URLs.swift */ = {isa = PBXFileReference; lastKnownFileType = sourcecode.swift; path = URLs.swift; sourceTree = "<group>"; };
		9693553129BD7AD1006D4DE5 /* ServiceBaseRepository.swift */ = {isa = PBXFileReference; lastKnownFileType = sourcecode.swift; path = ServiceBaseRepository.swift; sourceTree = "<group>"; };
		9693553429BD7B36006D4DE5 /* GenreRepository.swift */ = {isa = PBXFileReference; lastKnownFileType = sourcecode.swift; path = GenreRepository.swift; sourceTree = "<group>"; };
		969A6C412A517763008FD6B6 /* PosterScoreView.swift */ = {isa = PBXFileReference; lastKnownFileType = sourcecode.swift; path = PosterScoreView.swift; sourceTree = "<group>"; };
		969A6C432A5177A9008FD6B6 /* MovieInforView.swift */ = {isa = PBXFileReference; lastKnownFileType = sourcecode.swift; path = MovieInforView.swift; sourceTree = "<group>"; };
		96A0EE482A18CF61004CEABB /* MovieNavigationView.swift */ = {isa = PBXFileReference; lastKnownFileType = sourcecode.swift; path = MovieNavigationView.swift; sourceTree = "<group>"; };
		96A3CCFB2A2217BC00C56816 /* CategoryHeaderView.swift */ = {isa = PBXFileReference; lastKnownFileType = sourcecode.swift; path = CategoryHeaderView.swift; sourceTree = "<group>"; };
		96AB8C142A41DDE2004C6B6E /* CastView.swift */ = {isa = PBXFileReference; lastKnownFileType = sourcecode.swift; path = CastView.swift; sourceTree = "<group>"; };
		96AB8C162A41DEEF004C6B6E /* ListCastMovieDetailView.swift */ = {isa = PBXFileReference; lastKnownFileType = sourcecode.swift; path = ListCastMovieDetailView.swift; sourceTree = "<group>"; };
		96AF5E4F2A00170F00F5F5AA /* CategoryNavigator.swift */ = {isa = PBXFileReference; lastKnownFileType = sourcecode.swift; path = CategoryNavigator.swift; sourceTree = "<group>"; };
		96B87EAE2A4F27C60080F40F /* TrailerView.swift */ = {isa = PBXFileReference; lastKnownFileType = sourcecode.swift; path = TrailerView.swift; sourceTree = "<group>"; };
		96B87EB12A4F29590080F40F /* CastDetailView.swift */ = {isa = PBXFileReference; lastKnownFileType = sourcecode.swift; path = CastDetailView.swift; sourceTree = "<group>"; };
		96B94B8629D0025E0014B62F /* ViewModel.swift */ = {isa = PBXFileReference; fileEncoding = 4; lastKnownFileType = sourcecode.swift; path = ViewModel.swift; sourceTree = "<group>"; };
		96B94B8729D0025E0014B62F /* Observable.swift */ = {isa = PBXFileReference; fileEncoding = 4; lastKnownFileType = sourcecode.swift; path = Observable.swift; sourceTree = "<group>"; };
		96B94B8A29D004C10014B62F /* Int+ */ = {isa = PBXFileReference; lastKnownFileType = text; path = "Int+"; sourceTree = "<group>"; };
		96B94B8C29D005550014B62F /* GenreUseCase.swift */ = {isa = PBXFileReference; fileEncoding = 4; lastKnownFileType = sourcecode.swift; path = GenreUseCase.swift; sourceTree = "<group>"; };
		96BA16422A02C13C009076C2 /* TabbarNavigator.swift */ = {isa = PBXFileReference; fileEncoding = 4; lastKnownFileType = sourcecode.swift; path = TabbarNavigator.swift; sourceTree = "<group>"; };
		96BA16432A02C13C009076C2 /* TabbarViewModel.swift */ = {isa = PBXFileReference; fileEncoding = 4; lastKnownFileType = sourcecode.swift; path = TabbarViewModel.swift; sourceTree = "<group>"; };
		96BA16442A02C13C009076C2 /* TabBar.storyboard */ = {isa = PBXFileReference; fileEncoding = 4; lastKnownFileType = file.storyboard; path = TabBar.storyboard; sourceTree = "<group>"; };
		96BA16452A02C13C009076C2 /* TabBarController.swift */ = {isa = PBXFileReference; fileEncoding = 4; lastKnownFileType = sourcecode.swift; path = TabBarController.swift; sourceTree = "<group>"; };
		96BA164B2A02C19D009076C2 /* Screen.swift */ = {isa = PBXFileReference; fileEncoding = 4; lastKnownFileType = sourcecode.swift; path = Screen.swift; sourceTree = "<group>"; };
		96BA164C2A02C19D009076C2 /* DictionaryPrinter.swift */ = {isa = PBXFileReference; fileEncoding = 4; lastKnownFileType = sourcecode.swift; path = DictionaryPrinter.swift; sourceTree = "<group>"; };
		96BE2BD12A1A1C3B00D2159B /* HomeViewModel.swift */ = {isa = PBXFileReference; lastKnownFileType = sourcecode.swift; path = HomeViewModel.swift; sourceTree = "<group>"; };
		96BE2BD32A1A1D0400D2159B /* HomeNavigator.swift */ = {isa = PBXFileReference; lastKnownFileType = sourcecode.swift; path = HomeNavigator.swift; sourceTree = "<group>"; };
		96BE2BD52A1A1D0E00D2159B /* HomeUseCase.swift */ = {isa = PBXFileReference; lastKnownFileType = sourcecode.swift; path = HomeUseCase.swift; sourceTree = "<group>"; };
		96BE2BD72A1A1EDC00D2159B /* Movie.swift */ = {isa = PBXFileReference; lastKnownFileType = sourcecode.swift; path = Movie.swift; sourceTree = "<group>"; };
		96BE2BD92A1A1F1B00D2159B /* Dates.swift */ = {isa = PBXFileReference; lastKnownFileType = sourcecode.swift; path = Dates.swift; sourceTree = "<group>"; };
		96BE2BDB2A1A1F5300D2159B /* MovieResponse.swift */ = {isa = PBXFileReference; lastKnownFileType = sourcecode.swift; path = MovieResponse.swift; sourceTree = "<group>"; };
		96BE2BDD2A1A1F7D00D2159B /* MovieRepository.swift */ = {isa = PBXFileReference; lastKnownFileType = sourcecode.swift; path = MovieRepository.swift; sourceTree = "<group>"; };
		96BE2BDF2A1A202A00D2159B /* MovieRequest.swift */ = {isa = PBXFileReference; lastKnownFileType = sourcecode.swift; path = MovieRequest.swift; sourceTree = "<group>"; };
		96C18A9E2A1A62E700527614 /* MovieType.swift */ = {isa = PBXFileReference; lastKnownFileType = sourcecode.swift; path = MovieType.swift; sourceTree = "<group>"; };
		96CA27A42A3D620B001153E3 /* GenreHeaderSearchView.swift */ = {isa = PBXFileReference; lastKnownFileType = sourcecode.swift; path = GenreHeaderSearchView.swift; sourceTree = "<group>"; };
		96CA27A92A3D9E17001153E3 /* HeaderMovieDetailView.swift */ = {isa = PBXFileReference; lastKnownFileType = sourcecode.swift; path = HeaderMovieDetailView.swift; sourceTree = "<group>"; };
		96CA27AB2A3DA1CB001153E3 /* BackGroundMovieDetailView.swift */ = {isa = PBXFileReference; lastKnownFileType = sourcecode.swift; path = BackGroundMovieDetailView.swift; sourceTree = "<group>"; };
		96CA27AD2A3DA460001153E3 /* PosterMovieDetailView.swift */ = {isa = PBXFileReference; lastKnownFileType = sourcecode.swift; path = PosterMovieDetailView.swift; sourceTree = "<group>"; };
		96CF95552A570E2C00054145 /* MovieByGenreViewModel.swift */ = {isa = PBXFileReference; lastKnownFileType = sourcecode.swift; path = MovieByGenreViewModel.swift; sourceTree = "<group>"; };
		96CF95592A57293200054145 /* MovieByGenreNavigator.swift */ = {isa = PBXFileReference; lastKnownFileType = sourcecode.swift; path = MovieByGenreNavigator.swift; sourceTree = "<group>"; };
		96D81BBD29C566520097A24F /* BaseError.swift */ = {isa = PBXFileReference; lastKnownFileType = sourcecode.swift; path = BaseError.swift; sourceTree = "<group>"; };
		96D81BC029C566D00097A24F /* HTTPStatusCode.swift */ = {isa = PBXFileReference; lastKnownFileType = sourcecode.swift; path = HTTPStatusCode.swift; sourceTree = "<group>"; };
		96D8867429BA217C00534530 /* HomeNowArrayView.swift */ = {isa = PBXFileReference; fileEncoding = 4; lastKnownFileType = sourcecode.swift; path = HomeNowArrayView.swift; sourceTree = "<group>"; };
		96E2057329C20EB800DE9F73 /* Driver.swift */ = {isa = PBXFileReference; lastKnownFileType = sourcecode.swift; path = Driver.swift; sourceTree = "<group>"; };
		96E2057529C20F0D00DE9F73 /* ErrorTracker.swift */ = {isa = PBXFileReference; lastKnownFileType = sourcecode.swift; path = ErrorTracker.swift; sourceTree = "<group>"; };
		96E2057729C20F2400DE9F73 /* ActivityTracker.swift */ = {isa = PBXFileReference; lastKnownFileType = sourcecode.swift; path = ActivityTracker.swift; sourceTree = "<group>"; };
		96E21ED82A5031D400DE47F3 /* MovieByGenreUseCase.swift */ = {isa = PBXFileReference; lastKnownFileType = sourcecode.swift; path = MovieByGenreUseCase.swift; sourceTree = "<group>"; };
		96E21EDA2A503A9C00DE47F3 /* MovieByGenreHeaderView.swift */ = {isa = PBXFileReference; lastKnownFileType = sourcecode.swift; path = MovieByGenreHeaderView.swift; sourceTree = "<group>"; };
		96E21EDC2A503B5100DE47F3 /* MovieByGenreCell.swift */ = {isa = PBXFileReference; lastKnownFileType = sourcecode.swift; path = MovieByGenreCell.swift; sourceTree = "<group>"; };
		96E417132A1D06F200A41D74 /* Int+.swift */ = {isa = PBXFileReference; fileEncoding = 4; lastKnownFileType = sourcecode.swift; path = "Int+.swift"; sourceTree = "<group>"; };
		96EB4D4B29F3DF0E006EB86D /* WalkThoughtListViewModel.swift */ = {isa = PBXFileReference; lastKnownFileType = sourcecode.swift; path = WalkThoughtListViewModel.swift; sourceTree = "<group>"; };
		96EB4D4D29F3E83E006EB86D /* WalkThoughtListNavigator.swift */ = {isa = PBXFileReference; lastKnownFileType = sourcecode.swift; path = WalkThoughtListNavigator.swift; sourceTree = "<group>"; };
		96FA41402A2638A10077D80D /* SearchViewModel.swift */ = {isa = PBXFileReference; lastKnownFileType = sourcecode.swift; path = SearchViewModel.swift; sourceTree = "<group>"; };
		96FA41422A26393B0077D80D /* SearchNavigator.swift */ = {isa = PBXFileReference; lastKnownFileType = sourcecode.swift; path = SearchNavigator.swift; sourceTree = "<group>"; };
		96FA41442A2639730077D80D /* SearchUseCase.swift */ = {isa = PBXFileReference; lastKnownFileType = sourcecode.swift; path = SearchUseCase.swift; sourceTree = "<group>"; };
		96FA41462A2647110077D80D /* SearchRequest.swift */ = {isa = PBXFileReference; fileEncoding = 4; lastKnownFileType = sourcecode.swift; path = SearchRequest.swift; sourceTree = "<group>"; };
		A43A152428BE73EA000437F4 /* MovieSwiftUI.app */ = {isa = PBXFileReference; explicitFileType = wrapper.application; includeInIndex = 0; path = MovieSwiftUI.app; sourceTree = BUILT_PRODUCTS_DIR; };
		A43A152B28BE73ED000437F4 /* Assets.xcassets */ = {isa = PBXFileReference; lastKnownFileType = folder.assetcatalog; path = Assets.xcassets; sourceTree = "<group>"; };
		A43A152E28BE73ED000437F4 /* Preview Assets.xcassets */ = {isa = PBXFileReference; lastKnownFileType = folder.assetcatalog; path = "Preview Assets.xcassets"; sourceTree = "<group>"; };
		A43A153628BE75ED000437F4 /* HomeView.swift */ = {isa = PBXFileReference; lastKnownFileType = sourcecode.swift; path = HomeView.swift; sourceTree = "<group>"; };
		A43A153928BE7662000437F4 /* HomeNowView.swift */ = {isa = PBXFileReference; lastKnownFileType = sourcecode.swift; path = HomeNowView.swift; sourceTree = "<group>"; };
		A43A153B28BF6A04000437F4 /* HomeTopRateView.swift */ = {isa = PBXFileReference; lastKnownFileType = sourcecode.swift; path = HomeTopRateView.swift; sourceTree = "<group>"; };
/* End PBXFileReference section */

/* Begin PBXFrameworksBuildPhase section */
		A43A152128BE73EA000437F4 /* Frameworks */ = {
			isa = PBXFrameworksBuildPhase;
			buildActionMask = 2147483647;
			files = (
				964B6F932A4349C30082ADE8 /* Cosmos in Frameworks */,
			);
			runOnlyForDeploymentPostprocessing = 0;
		};
/* End PBXFrameworksBuildPhase section */

/* Begin PBXGroup section */
		961244832A025ABA006A23A5 /* Search */ = {
			isa = PBXGroup;
			children = (
				961244842A025ACC006A23A5 /* SearchView.swift */,
				965A9ED12A2365760013629D /* SearchHeaderView.swift */,
				96FA41442A2639730077D80D /* SearchUseCase.swift */,
				96FA41402A2638A10077D80D /* SearchViewModel.swift */,
				96FA41422A26393B0077D80D /* SearchNavigator.swift */,
				96A3CCFB2A2217BC00C56816 /* CategoryHeaderView.swift */,
				9642842E2A2AE91200A22959 /* SearchResultView.swift */,
				96CA27A42A3D620B001153E3 /* GenreHeaderSearchView.swift */,
			);
			path = Search;
			sourceTree = "<group>";
		};
		961244862A026009006A23A5 /* GenreDetail */ = {
			isa = PBXGroup;
			children = (
				961244872A026014006A23A5 /* GenreDetailView.swift */,
			);
			path = GenreDetail;
			sourceTree = "<group>";
		};
		961244892A026066006A23A5 /* MovieByGenre */ = {
			isa = PBXGroup;
			children = (
				96E21EDA2A503A9C00DE47F3 /* MovieByGenreHeaderView.swift */,
				96E21EDC2A503B5100DE47F3 /* MovieByGenreCell.swift */,
				969A6C432A5177A9008FD6B6 /* MovieInforView.swift */,
				969A6C412A517763008FD6B6 /* PosterScoreView.swift */,
				96CF95552A570E2C00054145 /* MovieByGenreViewModel.swift */,
				96CF95592A57293200054145 /* MovieByGenreNavigator.swift */,
				9612448A2A026076006A23A5 /* MovieByGenreView.swift */,
				96E21ED82A5031D400DE47F3 /* MovieByGenreUseCase.swift */,
			);
			path = MovieByGenre;
			sourceTree = "<group>";
		};
		9628E42729EA66900069EC6E /* App */ = {
			isa = PBXGroup;
			children = (
				9628E42829EA66B20069EC6E /* AppDelegate.swift */,
			);
			path = App;
			sourceTree = "<group>";
		};
		962BF3A62A46C02E00B4C202 /* CommonView */ = {
			isa = PBXGroup;
			children = (
				9650CFFA2A4C83B000E3C11F /* SizePreference */,
				962BF3AB2A46F62700B4C202 /* MovieExpandText */,
			);
			path = CommonView;
			sourceTree = "<group>";
		};
		962BF3AB2A46F62700B4C202 /* MovieExpandText */ = {
			isa = PBXGroup;
			children = (
				962BF3A92A46C06E00B4C202 /* MovieExpandText.swift */,
				962BF3AC2A46F63C00B4C202 /* MovieExpandText+.swift */,
			);
			path = MovieExpandText;
			sourceTree = "<group>";
		};
		9650CFFA2A4C83B000E3C11F /* SizePreference */ = {
			isa = PBXGroup;
			children = (
				9650CFFB2A4C83C200E3C11F /* SizePreferenceKey.swift */,
			);
			path = SizePreference;
			sourceTree = "<group>";
		};
		9655EB572A1E6DB500695A68 /* MovieDetail */ = {
			isa = PBXGroup;
			children = (
				96AB8C162A41DEEF004C6B6E /* ListCastMovieDetailView.swift */,
				96AB8C132A41DDCE004C6B6E /* Cell */,
				9655EB582A1E6DDB00695A68 /* MovieDetailView.swift */,
				96CA27AB2A3DA1CB001153E3 /* BackGroundMovieDetailView.swift */,
				96CA27A92A3D9E17001153E3 /* HeaderMovieDetailView.swift */,
				96CA27AD2A3DA460001153E3 /* PosterMovieDetailView.swift */,
				964B6F942A434BBD0082ADE8 /* MovieCosmosView.swift */,
				9675E1A52A4498CE00EC6025 /* MovieDetailViewModel.swift */,
				9675E1A72A44994100EC6025 /* MovieDetailNavigator.swift */,
				9675E1A92A449B3B00EC6025 /* MovieDetailUseCase.swift */,
			);
			path = MovieDetail;
			sourceTree = "<group>";
		};
		9671351D29BCC13F0023CCD2 /* Platform */ = {
			isa = PBXGroup;
			children = (
				96D81BBF29C566B30097A24F /* Error */,
				9693553329BD7B17006D4DE5 /* Repository */,
				9693552A29BD76C3006D4DE5 /* Middleware */,
				9693552529BD73FA006D4DE5 /* ServiceRequest */,
				9671352129BCC4F90023CCD2 /* Response */,
				9671351E29BCC1730023CCD2 /* Service */,
			);
			path = Platform;
			sourceTree = "<group>";
		};
		9671351E29BCC1730023CCD2 /* Service */ = {
			isa = PBXGroup;
			children = (
				9671351F29BCC18B0023CCD2 /* APIService.swift */,
			);
			path = Service;
			sourceTree = "<group>";
		};
		9671352129BCC4F90023CCD2 /* Response */ = {
			isa = PBXGroup;
			children = (
				9671352229BCC54D0023CCD2 /* GenreResponse.swift */,
				962BF3A42A46655000B4C202 /* CreditResponse.swift */,
				96BE2BDB2A1A1F5300D2159B /* MovieResponse.swift */,
			);
			path = Response;
			sourceTree = "<group>";
		};
		9677618529C753DE00DA942E /* Alert */ = {
			isa = PBXGroup;
			children = (
				9677618629C753EC00DA942E /* AlertMessage.swift */,
			);
			path = Alert;
			sourceTree = "<group>";
		};
		9677618829C768FA00DA942E /* Application */ = {
			isa = PBXGroup;
			children = (
				96B98EA82A55BE0D0004FC56 /* Recovered References */,
				96E21ED72A5031AD00DE47F3 /* New Group */,
				96B87EB02A4F29450080F40F /* CastDetail */,
				96B87EAD2A4F27AE0080F40F /* Trailer */,
				962BF3A62A46C02E00B4C202 /* CommonView */,
				9655EB572A1E6DB500695A68 /* MovieDetail */,
				A43A153528BE75DA000437F4 /* Home */,
				96BA16412A02C13C009076C2 /* Tabbar */,
				961244892A026066006A23A5 /* MovieByGenre */,
				961244862A026009006A23A5 /* GenreDetail */,
				961244832A025ABA006A23A5 /* Search */,
				9687200F29EC4F8000AFCC9D /* App */,
				9677618529C753DE00DA942E /* Alert */,
				9677618929C768FA00DA942E /* Extension */,
				9677618B29C768FA00DA942E /* Category */,
				9677619029C768FA00DA942E /* Alert */,
				9677619229C768FA00DA942E /* Navigation */,
				9677619929C768FA00DA942E /* WalkThought */,
				967761A029C768FA00DA942E /* LinearGradient */,
			);
			path = Application;
			sourceTree = "<group>";
		};
		9677618929C768FA00DA942E /* Extension */ = {
			isa = PBXGroup;
			children = (
				9677618A29C768FA00DA942E /* Color+.swift */,
				96E417132A1D06F200A41D74 /* Int+.swift */,
				96B94B8A29D004C10014B62F /* Int+ */,
			);
			path = Extension;
			sourceTree = "<group>";
		};
		9677618B29C768FA00DA942E /* Category */ = {
			isa = PBXGroup;
			children = (
				9677618C29C768FA00DA942E /* GenreView.swift */,
				96B94B8C29D005550014B62F /* GenreUseCase.swift */,
				9677618D29C768FA00DA942E /* GenreCellView.swift */,
				966CF57E29BE240A00FDA266 /* GenreViewModel.swift */,
				96AF5E4F2A00170F00F5F5AA /* CategoryNavigator.swift */,
			);
			path = Category;
			sourceTree = "<group>";
		};
		9677619029C768FA00DA942E /* Alert */ = {
			isa = PBXGroup;
			children = (
				9677619129C768FA00DA942E /* AlertMessage.swift */,
			);
			path = Alert;
			sourceTree = "<group>";
		};
		9677619229C768FA00DA942E /* Navigation */ = {
			isa = PBXGroup;
			children = (
				9677619329C768FA00DA942E /* MovieNavigationHeaderView.swift */,
				96A0EE482A18CF61004CEABB /* MovieNavigationView.swift */,
			);
			path = Navigation;
			sourceTree = "<group>";
		};
		9677619629C768FA00DA942E /* Model */ = {
			isa = PBXGroup;
			children = (
				9677619729C768FA00DA942E /* Genre.swift */,
				962BF39A2A46615300B4C202 /* Cast.swift */,
				962BF39E2A46641200B4C202 /* Department.swift */,
				962BF39C2A46625700B4C202 /* Person.swift */,
				962BF3A02A46641F00B4C202 /* Crew.swift */,
				96BE2BD72A1A1EDC00D2159B /* Movie.swift */,
				96C18A9E2A1A62E700527614 /* MovieType.swift */,
				96BE2BD92A1A1F1B00D2159B /* Dates.swift */,
				9677619829C768FA00DA942E /* WalkThough.swift */,
			);
			path = Model;
			sourceTree = "<group>";
		};
		9677619929C768FA00DA942E /* WalkThought */ = {
			isa = PBXGroup;
			children = (
				9677619A29C768FA00DA942E /* WalkThoughtView.swift */,
				9677619B29C768FA00DA942E /* WalkThoughOverlayView.swift */,
				96EB4D4B29F3DF0E006EB86D /* WalkThoughtListViewModel.swift */,
				96EB4D4D29F3E83E006EB86D /* WalkThoughtListNavigator.swift */,
				9677619C29C768FA00DA942E /* WalkThoughtNextButtonView.swift */,
				9677619D29C768FA00DA942E /* ListWalkThoughtView.swift */,
				9677619E29C768FA00DA942E /* WalkThoughtGetStartedView.swift */,
				9677619F29C768FA00DA942E /* WalkThoughListDotView.swift */,
			);
			path = WalkThought;
			sourceTree = "<group>";
		};
		967761A029C768FA00DA942E /* LinearGradient */ = {
			isa = PBXGroup;
			children = (
				967761A129C768FA00DA942E /* MovieLinearGradient.swift */,
			);
			path = LinearGradient;
			sourceTree = "<group>";
		};
		967D60D62A5E5C8600358ACF /* Domain */ = {
			isa = PBXGroup;
			children = (
				9677619629C768FA00DA942E /* Model */,
			);
			path = Domain;
			sourceTree = "<group>";
		};
		967D60D82A5F10D000358ACF /* Recovered References */ = {
			isa = PBXGroup;
			children = (
			);
			name = "Recovered References";
			sourceTree = "<group>";
		};
		9687200F29EC4F8000AFCC9D /* App */ = {
			isa = PBXGroup;
			children = (
				9687201029EC4F8000AFCC9D /* AppNavigator.swift */,
				9687201129EC4F8000AFCC9D /* AppViewModel.swift */,
			);
			path = App;
			sourceTree = "<group>";
		};
		9693552529BD73FA006D4DE5 /* ServiceRequest */ = {
			isa = PBXGroup;
			children = (
				96FA41462A2647110077D80D /* SearchRequest.swift */,
				9693552D29BD7910006D4DE5 /* GenreRequest.swift */,
				962BF3A22A46651900B4C202 /* CreditRequest.swift */,
				96BE2BDF2A1A202A00D2159B /* MovieRequest.swift */,
			);
			path = ServiceRequest;
			sourceTree = "<group>";
		};
		9693552A29BD76C3006D4DE5 /* Middleware */ = {
			isa = PBXGroup;
			children = (
				9693552629BD74BD006D4DE5 /* ServiceBaseRequest.swift */,
				9693552B29BD7839006D4DE5 /* API.swift */,
				96D81BC029C566D00097A24F /* HTTPStatusCode.swift */,
				9693552F29BD7933006D4DE5 /* URLs.swift */,
				9693553129BD7AD1006D4DE5 /* ServiceBaseRepository.swift */,
				9693552829BD75C8006D4DE5 /* HTTPMethod.swift */,
			);
			path = Middleware;
			sourceTree = "<group>";
		};
		9693553329BD7B17006D4DE5 /* Repository */ = {
			isa = PBXGroup;
			children = (
				9693553429BD7B36006D4DE5 /* GenreRepository.swift */,
				962BF3982A465FDD00B4C202 /* CreditRepository.swift */,
				96BE2BDD2A1A1F7D00D2159B /* MovieRepository.swift */,
			);
			path = Repository;
			sourceTree = "<group>";
		};
		96AB8C132A41DDCE004C6B6E /* Cell */ = {
			isa = PBXGroup;
			children = (
				96AB8C142A41DDE2004C6B6E /* CastView.swift */,
			);
			path = Cell;
			sourceTree = "<group>";
		};
		96B87EAD2A4F27AE0080F40F /* Trailer */ = {
			isa = PBXGroup;
			children = (
				96B87EAE2A4F27C60080F40F /* TrailerView.swift */,
			);
			path = Trailer;
			sourceTree = "<group>";
		};
		96B87EB02A4F29450080F40F /* CastDetail */ = {
			isa = PBXGroup;
			children = (
				96B87EB12A4F29590080F40F /* CastDetailView.swift */,
			);
			path = CastDetail;
			sourceTree = "<group>";
		};
		96B98EA82A55BE0D0004FC56 /* Recovered References */ = {
			isa = PBXGroup;
			children = (
			);
			name = "Recovered References";
			sourceTree = "<group>";
		};
		96BA16412A02C13C009076C2 /* Tabbar */ = {
			isa = PBXGroup;
			children = (
				96BA16422A02C13C009076C2 /* TabbarNavigator.swift */,
				96BA16432A02C13C009076C2 /* TabbarViewModel.swift */,
				96BA16442A02C13C009076C2 /* TabBar.storyboard */,
				96BA16452A02C13C009076C2 /* TabBarController.swift */,
			);
			path = Tabbar;
			sourceTree = "<group>";
		};
		96BA164A2A02C19D009076C2 /* Util */ = {
			isa = PBXGroup;
			children = (
				96BA164B2A02C19D009076C2 /* Screen.swift */,
				96BA164C2A02C19D009076C2 /* DictionaryPrinter.swift */,
				964681F22A1BBD3700C0ADA0 /* DateFormatter.swift */,
			);
			name = Util;
			path = MovieSwiftUI/Util;
			sourceTree = SOURCE_ROOT;
		};
		96D81BBF29C566B30097A24F /* Error */ = {
			isa = PBXGroup;
			children = (
				96D81BBD29C566520097A24F /* BaseError.swift */,
				962BF3962A46385E00B4C202 /* MovieDecodingError.swift */,
			);
			path = Error;
			sourceTree = "<group>";
		};
		96E2057229C206AE00DE9F73 /* Architecture */ = {
			isa = PBXGroup;
			children = (
				96E2057329C20EB800DE9F73 /* Driver.swift */,
				9624CA0C29D33827002D6B1F /* CancelBag.swift */,
				96E2057529C20F0D00DE9F73 /* ErrorTracker.swift */,
				96B94B8729D0025E0014B62F /* Observable.swift */,
				96B94B8629D0025E0014B62F /* ViewModel.swift */,
				96E2057729C20F2400DE9F73 /* ActivityTracker.swift */,
			);
			path = Architecture;
			sourceTree = "<group>";
		};
		96E21ED72A5031AD00DE47F3 /* New Group */ = {
			isa = PBXGroup;
			children = (
			);
			path = "New Group";
			sourceTree = "<group>";
		};
		A43A151B28BE73EA000437F4 = {
			isa = PBXGroup;
			children = (
				A43A152628BE73EA000437F4 /* MovieSwiftUI */,
				A43A152528BE73EA000437F4 /* Products */,
				967D60D82A5F10D000358ACF /* Recovered References */,
			);
			sourceTree = "<group>";
		};
		A43A152528BE73EA000437F4 /* Products */ = {
			isa = PBXGroup;
			children = (
				A43A152428BE73EA000437F4 /* MovieSwiftUI.app */,
			);
			name = Products;
			sourceTree = "<group>";
		};
		A43A152628BE73EA000437F4 /* MovieSwiftUI */ = {
			isa = PBXGroup;
			children = (
				96BA164A2A02C19D009076C2 /* Util */,
				9628E42729EA66900069EC6E /* App */,
				96E2057229C206AE00DE9F73 /* Architecture */,
				967D60D62A5E5C8600358ACF /* Domain */,
				9671351D29BCC13F0023CCD2 /* Platform */,
				9677618829C768FA00DA942E /* Application */,
				A43A152B28BE73ED000437F4 /* Assets.xcassets */,
				A43A152D28BE73ED000437F4 /* Preview Content */,
			);
			path = MovieSwiftUI;
			sourceTree = "<group>";
		};
		A43A152D28BE73ED000437F4 /* Preview Content */ = {
			isa = PBXGroup;
			children = (
				A43A152E28BE73ED000437F4 /* Preview Assets.xcassets */,
			);
			path = "Preview Content";
			sourceTree = "<group>";
		};
		A43A153528BE75DA000437F4 /* Home */ = {
			isa = PBXGroup;
			children = (
				A43A153628BE75ED000437F4 /* HomeView.swift */,
				9690CE772A4DCFD300C26A09 /* HomeNavigator.swift */,
				96BE2BD12A1A1C3B00D2159B /* HomeViewModel.swift */,
				9691D8192A03FC1000650B1B /* HomeTopRateGridView.swift */,
				96D8867429BA217C00534530 /* HomeNowArrayView.swift */,
				96BE2BD32A1A1D0400D2159B /* HomeNavigator.swift */,
				96BE2BD52A1A1D0E00D2159B /* HomeUseCase.swift */,
				A43A153828BE75F8000437F4 /* Cell */,
			);
			name = Home;
			path = ../Home;
			sourceTree = "<group>";
		};
		A43A153828BE75F8000437F4 /* Cell */ = {
			isa = PBXGroup;
			children = (
				A43A153928BE7662000437F4 /* HomeNowView.swift */,
				A43A153B28BF6A04000437F4 /* HomeTopRateView.swift */,
				965DE6EA2A07E873009D9472 /* ScoreView.swift */,
			);
			path = Cell;
			sourceTree = "<group>";
		};
/* End PBXGroup section */

/* Begin PBXNativeTarget section */
		A43A152328BE73EA000437F4 /* MovieSwiftUI */ = {
			isa = PBXNativeTarget;
			buildConfigurationList = A43A153228BE73ED000437F4 /* Build configuration list for PBXNativeTarget "MovieSwiftUI" */;
			buildPhases = (
				A43A152028BE73EA000437F4 /* Sources */,
				A43A152128BE73EA000437F4 /* Frameworks */,
				A43A152228BE73EA000437F4 /* Resources */,
			);
			buildRules = (
			);
			dependencies = (
			);
			name = MovieSwiftUI;
			packageProductDependencies = (
				964B6F922A4349C30082ADE8 /* Cosmos */,
			);
			productName = MovieSwiftUI;
			productReference = A43A152428BE73EA000437F4 /* MovieSwiftUI.app */;
			productType = "com.apple.product-type.application";
		};
/* End PBXNativeTarget section */

/* Begin PBXProject section */
		A43A151C28BE73EA000437F4 /* Project object */ = {
			isa = PBXProject;
			attributes = {
				BuildIndependentTargetsInParallel = 1;
				LastSwiftUpdateCheck = 1330;
				LastUpgradeCheck = 1330;
				TargetAttributes = {
					A43A152328BE73EA000437F4 = {
						CreatedOnToolsVersion = 13.3.1;
					};
				};
			};
			buildConfigurationList = A43A151F28BE73EA000437F4 /* Build configuration list for PBXProject "MovieSwiftUI" */;
			compatibilityVersion = "Xcode 13.0";
			developmentRegion = en;
			hasScannedForEncodings = 0;
			knownRegions = (
				en,
				Base,
			);
			mainGroup = A43A151B28BE73EA000437F4;
			packageReferences = (
				964B6F912A4349C30082ADE8 /* XCRemoteSwiftPackageReference "Cosmos" */,
			);
			productRefGroup = A43A152528BE73EA000437F4 /* Products */;
			projectDirPath = "";
			projectRoot = "";
			targets = (
				A43A152328BE73EA000437F4 /* MovieSwiftUI */,
			);
		};
/* End PBXProject section */

/* Begin PBXResourcesBuildPhase section */
		A43A152228BE73EA000437F4 /* Resources */ = {
			isa = PBXResourcesBuildPhase;
			buildActionMask = 2147483647;
			files = (
				96BA16482A02C13C009076C2 /* TabBar.storyboard in Resources */,
				A43A152F28BE73ED000437F4 /* Preview Assets.xcassets in Resources */,
				A43A152C28BE73ED000437F4 /* Assets.xcassets in Resources */,
			);
			runOnlyForDeploymentPostprocessing = 0;
		};
/* End PBXResourcesBuildPhase section */

/* Begin PBXSourcesBuildPhase section */
		A43A152028BE73EA000437F4 /* Sources */ = {
			isa = PBXSourcesBuildPhase;
			buildActionMask = 2147483647;
			files = (
				96CA27AC2A3DA1CB001153E3 /* BackGroundMovieDetailView.swift in Sources */,
				9687201329EC4F8000AFCC9D /* AppViewModel.swift in Sources */,
				96AF5E502A00170F00F5F5AA /* CategoryNavigator.swift in Sources */,
				967761A929C768FA00DA942E /* Genre.swift in Sources */,
				96A3CCFC2A2217BC00C56816 /* CategoryHeaderView.swift in Sources */,
				967761AD29C768FA00DA942E /* WalkThoughtNextButtonView.swift in Sources */,
				96BE2BD62A1A1D0E00D2159B /* HomeUseCase.swift in Sources */,
				96E21ED92A5031D400DE47F3 /* MovieByGenreUseCase.swift in Sources */,
				9687201229EC4F8000AFCC9D /* AppNavigator.swift in Sources */,
				962BF3972A46385E00B4C202 /* MovieDecodingError.swift in Sources */,
				96C18A9F2A1A62E700527614 /* MovieType.swift in Sources */,
				967761A229C768FA00DA942E /* Color+.swift in Sources */,
				967761AF29C768FA00DA942E /* WalkThoughtGetStartedView.swift in Sources */,
				96CF95562A570E2C00054145 /* MovieByGenreViewModel.swift in Sources */,
				967761A429C768FA00DA942E /* GenreCellView.swift in Sources */,
				96EB4D4C29F3DF0E006EB86D /* WalkThoughtListViewModel.swift in Sources */,
				961244882A026014006A23A5 /* GenreDetailView.swift in Sources */,
				964681F32A1BBD3700C0ADA0 /* DateFormatter.swift in Sources */,
				962BF3992A465FDD00B4C202 /* CreditRepository.swift in Sources */,
				967761AA29C768FA00DA942E /* WalkThough.swift in Sources */,
				96B87EAF2A4F27C60080F40F /* TrailerView.swift in Sources */,
				96E417142A1D06F200A41D74 /* Int+.swift in Sources */,
				9690CE782A4DCFD300C26A09 /* HomeNavigator.swift in Sources */,
				967761AB29C768FA00DA942E /* WalkThoughtView.swift in Sources */,
				96FA41452A2639730077D80D /* SearchUseCase.swift in Sources */,
				96CF955A2A57293200054145 /* MovieByGenreNavigator.swift in Sources */,
				962BF3A52A46655000B4C202 /* CreditResponse.swift in Sources */,
				96B94B8D29D005550014B62F /* GenreUseCase.swift in Sources */,
				96BE2BD42A1A1D0400D2159B /* HomeNavigator.swift in Sources */,
				967761AC29C768FA00DA942E /* WalkThoughOverlayView.swift in Sources */,
				962BF39D2A46625700B4C202 /* Person.swift in Sources */,
				967761A629C768FA00DA942E /* AlertMessage.swift in Sources */,
				967761A329C768FA00DA942E /* GenreView.swift in Sources */,
				9612448B2A026076006A23A5 /* MovieByGenreView.swift in Sources */,
				962BF3AD2A46F63C00B4C202 /* MovieExpandText+.swift in Sources */,
				96EB4D4E29F3E83E006EB86D /* WalkThoughtListNavigator.swift in Sources */,
				967761A729C768FA00DA942E /* MovieNavigationHeaderView.swift in Sources */,
				9628E42929EA66B20069EC6E /* AppDelegate.swift in Sources */,
				9675E1A62A4498CE00EC6025 /* MovieDetailViewModel.swift in Sources */,
				96BA16472A02C13C009076C2 /* TabbarViewModel.swift in Sources */,
				96AB8C172A41DEEF004C6B6E /* ListCastMovieDetailView.swift in Sources */,
				967761B029C768FA00DA942E /* WalkThoughListDotView.swift in Sources */,
				967761AE29C768FA00DA942E /* ListWalkThoughtView.swift in Sources */,
				967761B129C768FA00DA942E /* MovieLinearGradient.swift in Sources */,
				962BF39F2A46641200B4C202 /* Department.swift in Sources */,
				96A0EE492A18CF61004CEABB /* MovieNavigationView.swift in Sources */,
				9693552729BD74BD006D4DE5 /* ServiceBaseRequest.swift in Sources */,
				96E21EDB2A503A9C00DE47F3 /* MovieByGenreHeaderView.swift in Sources */,
				9693553029BD7933006D4DE5 /* URLs.swift in Sources */,
				96FA41472A2647110077D80D /* SearchRequest.swift in Sources */,
				969A6C442A5177A9008FD6B6 /* MovieInforView.swift in Sources */,
				9655EB592A1E6DDB00695A68 /* MovieDetailView.swift in Sources */,
				96B94B8929D0025E0014B62F /* Observable.swift in Sources */,
				9693553229BD7AD1006D4DE5 /* ServiceBaseRepository.swift in Sources */,
				96BE2BD22A1A1C3B00D2159B /* HomeViewModel.swift in Sources */,
				9624CA0D29D33827002D6B1F /* CancelBag.swift in Sources */,
				96E2057829C20F2400DE9F73 /* ActivityTracker.swift in Sources */,
				96BE2BD82A1A1EDC00D2159B /* Movie.swift in Sources */,
				9677618729C753EC00DA942E /* AlertMessage.swift in Sources */,
				9693553529BD7B36006D4DE5 /* GenreRepository.swift in Sources */,
				962BF39B2A46615300B4C202 /* Cast.swift in Sources */,
				96CA27AE2A3DA460001153E3 /* PosterMovieDetailView.swift in Sources */,
				96FA41412A2638A10077D80D /* SearchViewModel.swift in Sources */,
				964B6F952A434BBD0082ADE8 /* MovieCosmosView.swift in Sources */,
				969A6C422A517763008FD6B6 /* PosterScoreView.swift in Sources */,
				96BA164E2A02C19D009076C2 /* DictionaryPrinter.swift in Sources */,
				9671352029BCC18B0023CCD2 /* APIService.swift in Sources */,
				962BF3AA2A46C06E00B4C202 /* MovieExpandText.swift in Sources */,
				96B94B8829D0025E0014B62F /* ViewModel.swift in Sources */,
				9671352329BCC54D0023CCD2 /* GenreResponse.swift in Sources */,
				9642842F2A2AE91200A22959 /* SearchResultView.swift in Sources */,
				96E2057429C20EB800DE9F73 /* Driver.swift in Sources */,
				96D81BBE29C566520097A24F /* BaseError.swift in Sources */,
				9675E1AA2A449B3B00EC6025 /* MovieDetailUseCase.swift in Sources */,
				96CA27A52A3D620B001153E3 /* GenreHeaderSearchView.swift in Sources */,
				96B94B8B29D004C10014B62F /* Int+ in Sources */,
				961244852A025ACC006A23A5 /* SearchView.swift in Sources */,
				96D81BC129C566D00097A24F /* HTTPStatusCode.swift in Sources */,
				96E2057629C20F0D00DE9F73 /* ErrorTracker.swift in Sources */,
				966CF57F29BE240A00FDA266 /* GenreViewModel.swift in Sources */,
				9693552929BD75C8006D4DE5 /* HTTPMethod.swift in Sources */,
				96FA41432A26393B0077D80D /* SearchNavigator.swift in Sources */,
				9675E1A82A44994100EC6025 /* MovieDetailNavigator.swift in Sources */,
				96AB8C152A41DDE2004C6B6E /* CastView.swift in Sources */,
				9693552C29BD7839006D4DE5 /* API.swift in Sources */,
				9693552E29BD7910006D4DE5 /* GenreRequest.swift in Sources */,
				A43A152A28BE73EA000437F4 /* (null) in Sources */,
				96BA16462A02C13C009076C2 /* TabbarNavigator.swift in Sources */,
				96BE2BDC2A1A1F5300D2159B /* MovieResponse.swift in Sources */,
				A43A152828BE73EA000437F4 /* (null) in Sources */,
				9650CFFC2A4C83C200E3C11F /* SizePreferenceKey.swift in Sources */,
				A43A152A28BE73EA000437F4 /* (null) in Sources */,
				96BE2BDE2A1A1F7D00D2159B /* MovieRepository.swift in Sources */,
				96B87EB22A4F29590080F40F /* CastDetailView.swift in Sources */,
				965A9ED22A2365760013629D /* SearchHeaderView.swift in Sources */,
				962BF3A32A46651900B4C202 /* CreditRequest.swift in Sources */,
				A43A153A28BE7662000437F4 /* HomeNowView.swift in Sources */,
				9691D81A2A03FC1000650B1B /* HomeTopRateGridView.swift in Sources */,
				96BE2BDA2A1A1F1B00D2159B /* Dates.swift in Sources */,
				96D8867529BA217C00534530 /* HomeNowArrayView.swift in Sources */,
				962BF3A12A46641F00B4C202 /* Crew.swift in Sources */,
				96BA164D2A02C19D009076C2 /* Screen.swift in Sources */,
				96BA16492A02C13C009076C2 /* TabBarController.swift in Sources */,
				A43A153C28BF6A04000437F4 /* HomeTopRateView.swift in Sources */,
				A43A153728BE75ED000437F4 /* HomeView.swift in Sources */,
				965DE6EB2A07E873009D9472 /* ScoreView.swift in Sources */,
				A43A152A28BE73EA000437F4 /* (null) in Sources */,
				96CA27AA2A3D9E17001153E3 /* HeaderMovieDetailView.swift in Sources */,
				96E21EDD2A503B5100DE47F3 /* MovieByGenreCell.swift in Sources */,
				A43A152828BE73EA000437F4 /* (null) in Sources */,
				96BE2BE02A1A202A00D2159B /* MovieRequest.swift in Sources */,
			);
			runOnlyForDeploymentPostprocessing = 0;
		};
/* End PBXSourcesBuildPhase section */

/* Begin XCBuildConfiguration section */
		A43A153028BE73ED000437F4 /* Debug */ = {
			isa = XCBuildConfiguration;
			buildSettings = {
				ALWAYS_SEARCH_USER_PATHS = NO;
				CLANG_ANALYZER_NONNULL = YES;
				CLANG_ANALYZER_NUMBER_OBJECT_CONVERSION = YES_AGGRESSIVE;
				CLANG_CXX_LANGUAGE_STANDARD = "gnu++17";
				CLANG_ENABLE_MODULES = YES;
				CLANG_ENABLE_OBJC_ARC = YES;
				CLANG_ENABLE_OBJC_WEAK = YES;
				CLANG_WARN_BLOCK_CAPTURE_AUTORELEASING = YES;
				CLANG_WARN_BOOL_CONVERSION = YES;
				CLANG_WARN_COMMA = YES;
				CLANG_WARN_CONSTANT_CONVERSION = YES;
				CLANG_WARN_DEPRECATED_OBJC_IMPLEMENTATIONS = YES;
				CLANG_WARN_DIRECT_OBJC_ISA_USAGE = YES_ERROR;
				CLANG_WARN_DOCUMENTATION_COMMENTS = YES;
				CLANG_WARN_EMPTY_BODY = YES;
				CLANG_WARN_ENUM_CONVERSION = YES;
				CLANG_WARN_INFINITE_RECURSION = YES;
				CLANG_WARN_INT_CONVERSION = YES;
				CLANG_WARN_NON_LITERAL_NULL_CONVERSION = YES;
				CLANG_WARN_OBJC_IMPLICIT_RETAIN_SELF = YES;
				CLANG_WARN_OBJC_LITERAL_CONVERSION = YES;
				CLANG_WARN_OBJC_ROOT_CLASS = YES_ERROR;
				CLANG_WARN_QUOTED_INCLUDE_IN_FRAMEWORK_HEADER = YES;
				CLANG_WARN_RANGE_LOOP_ANALYSIS = YES;
				CLANG_WARN_STRICT_PROTOTYPES = YES;
				CLANG_WARN_SUSPICIOUS_MOVE = YES;
				CLANG_WARN_UNGUARDED_AVAILABILITY = YES_AGGRESSIVE;
				CLANG_WARN_UNREACHABLE_CODE = YES;
				CLANG_WARN__DUPLICATE_METHOD_MATCH = YES;
				COPY_PHASE_STRIP = NO;
				DEBUG_INFORMATION_FORMAT = dwarf;
				ENABLE_STRICT_OBJC_MSGSEND = YES;
				ENABLE_TESTABILITY = YES;
				GCC_C_LANGUAGE_STANDARD = gnu11;
				GCC_DYNAMIC_NO_PIC = NO;
				GCC_NO_COMMON_BLOCKS = YES;
				GCC_OPTIMIZATION_LEVEL = 0;
				GCC_PREPROCESSOR_DEFINITIONS = (
					"DEBUG=1",
					"$(inherited)",
				);
				GCC_WARN_64_TO_32_BIT_CONVERSION = YES;
				GCC_WARN_ABOUT_RETURN_TYPE = YES_ERROR;
				GCC_WARN_UNDECLARED_SELECTOR = YES;
				GCC_WARN_UNINITIALIZED_AUTOS = YES_AGGRESSIVE;
				GCC_WARN_UNUSED_FUNCTION = YES;
				GCC_WARN_UNUSED_VARIABLE = YES;
				IPHONEOS_DEPLOYMENT_TARGET = 15.0;
				MTL_ENABLE_DEBUG_INFO = INCLUDE_SOURCE;
				MTL_FAST_MATH = YES;
				ONLY_ACTIVE_ARCH = YES;
				SDKROOT = iphoneos;
				SWIFT_ACTIVE_COMPILATION_CONDITIONS = DEBUG;
				SWIFT_OPTIMIZATION_LEVEL = "-Onone";
			};
			name = Debug;
		};
		A43A153128BE73ED000437F4 /* Release */ = {
			isa = XCBuildConfiguration;
			buildSettings = {
				ALWAYS_SEARCH_USER_PATHS = NO;
				CLANG_ANALYZER_NONNULL = YES;
				CLANG_ANALYZER_NUMBER_OBJECT_CONVERSION = YES_AGGRESSIVE;
				CLANG_CXX_LANGUAGE_STANDARD = "gnu++17";
				CLANG_ENABLE_MODULES = YES;
				CLANG_ENABLE_OBJC_ARC = YES;
				CLANG_ENABLE_OBJC_WEAK = YES;
				CLANG_WARN_BLOCK_CAPTURE_AUTORELEASING = YES;
				CLANG_WARN_BOOL_CONVERSION = YES;
				CLANG_WARN_COMMA = YES;
				CLANG_WARN_CONSTANT_CONVERSION = YES;
				CLANG_WARN_DEPRECATED_OBJC_IMPLEMENTATIONS = YES;
				CLANG_WARN_DIRECT_OBJC_ISA_USAGE = YES_ERROR;
				CLANG_WARN_DOCUMENTATION_COMMENTS = YES;
				CLANG_WARN_EMPTY_BODY = YES;
				CLANG_WARN_ENUM_CONVERSION = YES;
				CLANG_WARN_INFINITE_RECURSION = YES;
				CLANG_WARN_INT_CONVERSION = YES;
				CLANG_WARN_NON_LITERAL_NULL_CONVERSION = YES;
				CLANG_WARN_OBJC_IMPLICIT_RETAIN_SELF = YES;
				CLANG_WARN_OBJC_LITERAL_CONVERSION = YES;
				CLANG_WARN_OBJC_ROOT_CLASS = YES_ERROR;
				CLANG_WARN_QUOTED_INCLUDE_IN_FRAMEWORK_HEADER = YES;
				CLANG_WARN_RANGE_LOOP_ANALYSIS = YES;
				CLANG_WARN_STRICT_PROTOTYPES = YES;
				CLANG_WARN_SUSPICIOUS_MOVE = YES;
				CLANG_WARN_UNGUARDED_AVAILABILITY = YES_AGGRESSIVE;
				CLANG_WARN_UNREACHABLE_CODE = YES;
				CLANG_WARN__DUPLICATE_METHOD_MATCH = YES;
				COPY_PHASE_STRIP = NO;
				DEBUG_INFORMATION_FORMAT = "dwarf-with-dsym";
				ENABLE_NS_ASSERTIONS = NO;
				ENABLE_STRICT_OBJC_MSGSEND = YES;
				GCC_C_LANGUAGE_STANDARD = gnu11;
				GCC_NO_COMMON_BLOCKS = YES;
				GCC_WARN_64_TO_32_BIT_CONVERSION = YES;
				GCC_WARN_ABOUT_RETURN_TYPE = YES_ERROR;
				GCC_WARN_UNDECLARED_SELECTOR = YES;
				GCC_WARN_UNINITIALIZED_AUTOS = YES_AGGRESSIVE;
				GCC_WARN_UNUSED_FUNCTION = YES;
				GCC_WARN_UNUSED_VARIABLE = YES;
				IPHONEOS_DEPLOYMENT_TARGET = 15.0;
				MTL_ENABLE_DEBUG_INFO = NO;
				MTL_FAST_MATH = YES;
				SDKROOT = iphoneos;
				SWIFT_COMPILATION_MODE = wholemodule;
				SWIFT_OPTIMIZATION_LEVEL = "-O";
				VALIDATE_PRODUCT = YES;
			};
			name = Release;
		};
		A43A153328BE73ED000437F4 /* Debug */ = {
			isa = XCBuildConfiguration;
			buildSettings = {
				ASSETCATALOG_COMPILER_APPICON_NAME = AppIcon;
				ASSETCATALOG_COMPILER_GLOBAL_ACCENT_COLOR_NAME = AccentColor;
				CODE_SIGN_STYLE = Automatic;
				CURRENT_PROJECT_VERSION = 1;
				DEVELOPMENT_ASSET_PATHS = "\"MovieSwiftUI/Preview Content\"";
				DEVELOPMENT_TEAM = GCAT449K7M;
				ENABLE_PREVIEWS = YES;
				EXCLUDED_ARCHS = "";
				GENERATE_INFOPLIST_FILE = YES;
				INFOPLIST_FILE = MovieSwiftUI/Info.plist;
				INFOPLIST_KEY_UIApplicationSupportsIndirectInputEvents = YES;
				INFOPLIST_KEY_UILaunchScreen_Generation = YES;
				INFOPLIST_KEY_UISupportedInterfaceOrientations_iPad = "UIInterfaceOrientationPortrait UIInterfaceOrientationPortraitUpsideDown UIInterfaceOrientationLandscapeLeft UIInterfaceOrientationLandscapeRight";
				INFOPLIST_KEY_UISupportedInterfaceOrientations_iPhone = "UIInterfaceOrientationPortrait UIInterfaceOrientationLandscapeLeft UIInterfaceOrientationLandscapeRight";
				LD_RUNPATH_SEARCH_PATHS = (
					"$(inherited)",
					"@executable_path/Frameworks",
				);
				MARKETING_VERSION = 1.0;
				PRODUCT_BUNDLE_IDENTIFIER = IOS.MovieSwiftUI;
				PRODUCT_NAME = "$(TARGET_NAME)";
				SUPPORTED_PLATFORMS = "iphoneos iphonesimulator";
				SUPPORTS_MACCATALYST = NO;
				SUPPORTS_MAC_DESIGNED_FOR_IPHONE_IPAD = NO;
				SWIFT_EMIT_LOC_STRINGS = YES;
				SWIFT_VERSION = 5.0;
				TARGETED_DEVICE_FAMILY = 1;
			};
			name = Debug;
		};
		A43A153428BE73ED000437F4 /* Release */ = {
			isa = XCBuildConfiguration;
			buildSettings = {
				ASSETCATALOG_COMPILER_APPICON_NAME = AppIcon;
				ASSETCATALOG_COMPILER_GLOBAL_ACCENT_COLOR_NAME = AccentColor;
				CODE_SIGN_STYLE = Automatic;
				CURRENT_PROJECT_VERSION = 1;
				DEVELOPMENT_ASSET_PATHS = "\"MovieSwiftUI/Preview Content\"";
				DEVELOPMENT_TEAM = GCAT449K7M;
				ENABLE_PREVIEWS = YES;
				EXCLUDED_ARCHS = "";
				GENERATE_INFOPLIST_FILE = YES;
				INFOPLIST_FILE = MovieSwiftUI/Info.plist;
				INFOPLIST_KEY_UIApplicationSupportsIndirectInputEvents = YES;
				INFOPLIST_KEY_UILaunchScreen_Generation = YES;
				INFOPLIST_KEY_UISupportedInterfaceOrientations_iPad = "UIInterfaceOrientationPortrait UIInterfaceOrientationPortraitUpsideDown UIInterfaceOrientationLandscapeLeft UIInterfaceOrientationLandscapeRight";
				INFOPLIST_KEY_UISupportedInterfaceOrientations_iPhone = "UIInterfaceOrientationPortrait UIInterfaceOrientationLandscapeLeft UIInterfaceOrientationLandscapeRight";
				LD_RUNPATH_SEARCH_PATHS = (
					"$(inherited)",
					"@executable_path/Frameworks",
				);
				MARKETING_VERSION = 1.0;
				PRODUCT_BUNDLE_IDENTIFIER = IOS.MovieSwiftUI;
				PRODUCT_NAME = "$(TARGET_NAME)";
				SUPPORTED_PLATFORMS = "iphoneos iphonesimulator";
				SUPPORTS_MACCATALYST = NO;
				SUPPORTS_MAC_DESIGNED_FOR_IPHONE_IPAD = NO;
				SWIFT_EMIT_LOC_STRINGS = YES;
				SWIFT_VERSION = 5.0;
				TARGETED_DEVICE_FAMILY = 1;
			};
			name = Release;
		};
/* End XCBuildConfiguration section */

/* Begin XCConfigurationList section */
		A43A151F28BE73EA000437F4 /* Build configuration list for PBXProject "MovieSwiftUI" */ = {
			isa = XCConfigurationList;
			buildConfigurations = (
				A43A153028BE73ED000437F4 /* Debug */,
				A43A153128BE73ED000437F4 /* Release */,
			);
			defaultConfigurationIsVisible = 0;
			defaultConfigurationName = Release;
		};
		A43A153228BE73ED000437F4 /* Build configuration list for PBXNativeTarget "MovieSwiftUI" */ = {
			isa = XCConfigurationList;
			buildConfigurations = (
				A43A153328BE73ED000437F4 /* Debug */,
				A43A153428BE73ED000437F4 /* Release */,
			);
			defaultConfigurationIsVisible = 0;
			defaultConfigurationName = Release;
		};
/* End XCConfigurationList section */

/* Begin XCRemoteSwiftPackageReference section */
		964B6F912A4349C30082ADE8 /* XCRemoteSwiftPackageReference "Cosmos" */ = {
			isa = XCRemoteSwiftPackageReference;
			repositoryURL = "https://github.com/evgenyneu/Cosmos";
			requirement = {
				kind = upToNextMajorVersion;
				minimumVersion = 23.0.0;
			};
		};
/* End XCRemoteSwiftPackageReference section */

/* Begin XCSwiftPackageProductDependency section */
		964B6F922A4349C30082ADE8 /* Cosmos */ = {
			isa = XCSwiftPackageProductDependency;
			package = 964B6F912A4349C30082ADE8 /* XCRemoteSwiftPackageReference "Cosmos" */;
			productName = Cosmos;
		};
/* End XCSwiftPackageProductDependency section */
	};
	rootObject = A43A151C28BE73EA000437F4 /* Project object */;
}
