// !$*UTF8*$!
{
	archiveVersion = 1;
	classes = {
	};
	objectVersion = 55;
	objects = {

/* Begin PBXBuildFile section */
		965D2BC329B471F400791B3E /* Category.swift in Sources */ = {isa = PBXBuildFile; fileRef = 965D2BC229B471F400791B3E /* Category.swift */; };
		965D2BC629B472BC00791B3E /* WalkThoughtView.swift in Sources */ = {isa = PBXBuildFile; fileRef = 965D2BC529B472BC00791B3E /* WalkThoughtView.swift */; };
		965D2BC929B475E700791B3E /* Screen.swift in Sources */ = {isa = PBXBuildFile; fileRef = 965D2BC829B475E700791B3E /* Screen.swift */; };
		965D2BCB29B4883F00791B3E /* ListWalkThoughtView.swift in Sources */ = {isa = PBXBuildFile; fileRef = 965D2BCA29B4883F00791B3E /* ListWalkThoughtView.swift */; };
		96AE909729AA06AA009B0D9A /* HomeNowArrayView.swift in Sources */ = {isa = PBXBuildFile; fileRef = 96AE909629AA06AA009B0D9A /* HomeNowArrayView.swift */; };
		A43A152828BE73EA000437F4 /* MovieSwiftUIApp.swift in Sources */ = {isa = PBXBuildFile; fileRef = A43A152728BE73EA000437F4 /* MovieSwiftUIApp.swift */; };
		A43A152A28BE73EA000437F4 /* ContentView.swift in Sources */ = {isa = PBXBuildFile; fileRef = A43A152928BE73EA000437F4 /* ContentView.swift */; };
		A43A152C28BE73ED000437F4 /* Assets.xcassets in Resources */ = {isa = PBXBuildFile; fileRef = A43A152B28BE73ED000437F4 /* Assets.xcassets */; };
		A43A152F28BE73ED000437F4 /* Preview Assets.xcassets in Resources */ = {isa = PBXBuildFile; fileRef = A43A152E28BE73ED000437F4 /* Preview Assets.xcassets */; };
/* End PBXBuildFile section */

/* Begin PBXFileReference section */
		965D2BC229B471F400791B3E /* Category.swift */ = {isa = PBXFileReference; lastKnownFileType = sourcecode.swift; path = Category.swift; sourceTree = "<group>"; };
		965D2BC529B472BC00791B3E /* WalkThoughtView.swift */ = {isa = PBXFileReference; lastKnownFileType = sourcecode.swift; path = WalkThoughtView.swift; sourceTree = "<group>"; };
		965D2BC829B475E700791B3E /* Screen.swift */ = {isa = PBXFileReference; lastKnownFileType = sourcecode.swift; path = Screen.swift; sourceTree = "<group>"; };
		965D2BCA29B4883F00791B3E /* ListWalkThoughtView.swift */ = {isa = PBXFileReference; lastKnownFileType = sourcecode.swift; path = ListWalkThoughtView.swift; sourceTree = "<group>"; };
		96AE909629AA06AA009B0D9A /* HomeNowArrayView.swift */ = {isa = PBXFileReference; lastKnownFileType = sourcecode.swift; path = HomeNowArrayView.swift; sourceTree = "<group>"; };
		A43A152428BE73EA000437F4 /* MovieSwiftUI.app */ = {isa = PBXFileReference; explicitFileType = wrapper.application; includeInIndex = 0; path = MovieSwiftUI.app; sourceTree = BUILT_PRODUCTS_DIR; };
		A43A152728BE73EA000437F4 /* MovieSwiftUIApp.swift */ = {isa = PBXFileReference; lastKnownFileType = sourcecode.swift; path = MovieSwiftUIApp.swift; sourceTree = "<group>"; };
		A43A152928BE73EA000437F4 /* ContentView.swift */ = {isa = PBXFileReference; lastKnownFileType = sourcecode.swift; path = ContentView.swift; sourceTree = "<group>"; };
		A43A152B28BE73ED000437F4 /* Assets.xcassets */ = {isa = PBXFileReference; lastKnownFileType = folder.assetcatalog; path = Assets.xcassets; sourceTree = "<group>"; };
		A43A152E28BE73ED000437F4 /* Preview Assets.xcassets */ = {isa = PBXFileReference; lastKnownFileType = folder.assetcatalog; path = "Preview Assets.xcassets"; sourceTree = "<group>"; };
/* End PBXFileReference section */

/* Begin PBXFrameworksBuildPhase section */
		A43A152128BE73EA000437F4 /* Frameworks */ = {
			isa = PBXFrameworksBuildPhase;
			buildActionMask = 2147483647;
			files = (
			);
			runOnlyForDeploymentPostprocessing = 0;
		};
/* End PBXFrameworksBuildPhase section */

/* Begin PBXGroup section */
		965D2BC029B4714800791B3E /* Category */ = {
			isa = PBXGroup;
			children = (
			);
			path = Category;
			sourceTree = "<group>";
		};
		965D2BC129B4715300791B3E /* Model */ = {
			isa = PBXGroup;
			children = (
				965D2BC229B471F400791B3E /* Category.swift */,
			);
			path = Model;
			sourceTree = "<group>";
		};
		965D2BC429B4729A00791B3E /* WalkThought */ = {
			isa = PBXGroup;
			children = (
				965D2BC529B472BC00791B3E /* WalkThoughtView.swift */,
				965D2BCA29B4883F00791B3E /* ListWalkThoughtView.swift */,
			);
			path = WalkThought;
			sourceTree = "<group>";
		};
		965D2BC729B475DA00791B3E /* Util */ = {
			isa = PBXGroup;
			children = (
				965D2BC829B475E700791B3E /* Screen.swift */,
			);
			path = Util;
			sourceTree = "<group>";
		};
		A43A151B28BE73EA000437F4 = {
			isa = PBXGroup;
			children = (
				A43A152628BE73EA000437F4 /* MovieSwiftUI */,
				A43A152528BE73EA000437F4 /* Products */,
			);
			sourceTree = "<group>";
		};
		A43A152528BE73EA000437F4 /* Products */ = {
			isa = PBXGroup;
			children = (
				A43A152428BE73EA000437F4 /* MovieSwiftUI.app */,
			);
			name = Products;
			sourceTree = "<group>";
		};
		A43A152628BE73EA000437F4 /* MovieSwiftUI */ = {
			isa = PBXGroup;
			children = (
				965D2BC729B475DA00791B3E /* Util */,
				965D2BC429B4729A00791B3E /* WalkThought */,
				965D2BC129B4715300791B3E /* Model */,
				965D2BC029B4714800791B3E /* Category */,
				A43A152728BE73EA000437F4 /* MovieSwiftUIApp.swift */,
				A43A152928BE73EA000437F4 /* ContentView.swift */,
				A43A152B28BE73ED000437F4 /* Assets.xcassets */,
				A43A152D28BE73ED000437F4 /* Preview Content */,
			);
			path = MovieSwiftUI;
			sourceTree = "<group>";
		};
		A43A152D28BE73ED000437F4 /* Preview Content */ = {
			isa = PBXGroup;
			children = (
				A43A152E28BE73ED000437F4 /* Preview Assets.xcassets */,
			);
			path = "Preview Content";
			sourceTree = "<group>";
		};
		A43A153528BE75DA000437F4 /* Home */ = {
			isa = PBXGroup;
			children = (
				A43A153628BE75ED000437F4 /* HomeView.swift */,
				A43A153828BE75F8000437F4 /* Cell */,
			);
			path = Home;
			sourceTree = "<group>";
		};
		A43A153828BE75F8000437F4 /* Cell */ = {
			isa = PBXGroup;
			children = (
				A43A153928BE7662000437F4 /* HomeNowView.swift */,
				A43A153B28BF6A04000437F4 /* HomeTopRateView.swift */,
				A43A153D28BF70F3000437F4 /* TopRateScoreView.swift */,
				96AE909629AA06AA009B0D9A /* HomeNowArrayView.swift */,
			);
			path = Cell;
			sourceTree = "<group>";
		};
/* End PBXGroup section */

/* Begin PBXNativeTarget section */
		A43A152328BE73EA000437F4 /* MovieSwiftUI */ = {
			isa = PBXNativeTarget;
			buildConfigurationList = A43A153228BE73ED000437F4 /* Build configuration list for PBXNativeTarget "MovieSwiftUI" */;
			buildPhases = (
				A43A152028BE73EA000437F4 /* Sources */,
				A43A152128BE73EA000437F4 /* Frameworks */,
				A43A152228BE73EA000437F4 /* Resources */,
			);
			buildRules = (
			);
			dependencies = (
			);
			name = MovieSwiftUI;
			productName = MovieSwiftUI;
			productReference = A43A152428BE73EA000437F4 /* MovieSwiftUI.app */;
			productType = "com.apple.product-type.application";
		};
/* End PBXNativeTarget section */

/* Begin PBXProject section */
		A43A151C28BE73EA000437F4 /* Project object */ = {
			isa = PBXProject;
			attributes = {
				BuildIndependentTargetsInParallel = 1;
				LastSwiftUpdateCheck = 1330;
				LastUpgradeCheck = 1330;
				TargetAttributes = {
					A43A152328BE73EA000437F4 = {
						CreatedOnToolsVersion = 13.3.1;
					};
				};
			};
			buildConfigurationList = A43A151F28BE73EA000437F4 /* Build configuration list for PBXProject "MovieSwiftUI" */;
			compatibilityVersion = "Xcode 13.0";
			developmentRegion = en;
			hasScannedForEncodings = 0;
			knownRegions = (
				en,
				Base,
			);
			mainGroup = A43A151B28BE73EA000437F4;
			productRefGroup = A43A152528BE73EA000437F4 /* Products */;
			projectDirPath = "";
			projectRoot = "";
			targets = (
				A43A152328BE73EA000437F4 /* MovieSwiftUI */,
			);
		};
/* End PBXProject section */

/* Begin PBXResourcesBuildPhase section */
		A43A152228BE73EA000437F4 /* Resources */ = {
			isa = PBXResourcesBuildPhase;
			buildActionMask = 2147483647;
			files = (
				A43A152F28BE73ED000437F4 /* Preview Assets.xcassets in Resources */,
				A43A152C28BE73ED000437F4 /* Assets.xcassets in Resources */,
			);
			runOnlyForDeploymentPostprocessing = 0;
		};
/* End PBXResourcesBuildPhase section */

/* Begin PBXSourcesBuildPhase section */
		A43A152028BE73EA000437F4 /* Sources */ = {
			isa = PBXSourcesBuildPhase;
			buildActionMask = 2147483647;
			files = (
				A43A153A28BE7662000437F4 /* HomeNowView.swift in Sources */,
				A43A153C28BF6A04000437F4 /* HomeTopRateView.swift in Sources */,
				A43A153728BE75ED000437F4 /* HomeView.swift in Sources */,
				A43A153E28BF70F3000437F4 /* TopRateScoreView.swift in Sources */,
				96AE909729AA06AA009B0D9A /* HomeNowArrayView.swift in Sources */,
				965D2BC929B475E700791B3E /* Screen.swift in Sources */,
				A43A152A28BE73EA000437F4 /* ContentView.swift in Sources */,
				A43A152828BE73EA000437F4 /* MovieSwiftUIApp.swift in Sources */,
				965D2BC629B472BC00791B3E /* WalkThoughtView.swift in Sources */,
				965D2BC329B471F400791B3E /* Category.swift in Sources */,
				965D2BCB29B4883F00791B3E /* ListWalkThoughtView.swift in Sources */,
			);
			runOnlyForDeploymentPostprocessing = 0;
		};
/* End PBXSourcesBuildPhase section */

/* Begin XCBuildConfiguration section */
		A43A153028BE73ED000437F4 /* Debug */ = {
			isa = XCBuildConfiguration;
			buildSettings = {
				ALWAYS_SEARCH_USER_PATHS = NO;
				CLANG_ANALYZER_NONNULL = YES;
				CLANG_ANALYZER_NUMBER_OBJECT_CONVERSION = YES_AGGRESSIVE;
				CLANG_CXX_LANGUAGE_STANDARD = "gnu++17";
				CLANG_ENABLE_MODULES = YES;
				CLANG_ENABLE_OBJC_ARC = YES;
				CLANG_ENABLE_OBJC_WEAK = YES;
				CLANG_WARN_BLOCK_CAPTURE_AUTORELEASING = YES;
				CLANG_WARN_BOOL_CONVERSION = YES;
				CLANG_WARN_COMMA = YES;
				CLANG_WARN_CONSTANT_CONVERSION = YES;
				CLANG_WARN_DEPRECATED_OBJC_IMPLEMENTATIONS = YES;
				CLANG_WARN_DIRECT_OBJC_ISA_USAGE = YES_ERROR;
				CLANG_WARN_DOCUMENTATION_COMMENTS = YES;
				CLANG_WARN_EMPTY_BODY = YES;
				CLANG_WARN_ENUM_CONVERSION = YES;
				CLANG_WARN_INFINITE_RECURSION = YES;
				CLANG_WARN_INT_CONVERSION = YES;
				CLANG_WARN_NON_LITERAL_NULL_CONVERSION = YES;
				CLANG_WARN_OBJC_IMPLICIT_RETAIN_SELF = YES;
				CLANG_WARN_OBJC_LITERAL_CONVERSION = YES;
				CLANG_WARN_OBJC_ROOT_CLASS = YES_ERROR;
				CLANG_WARN_QUOTED_INCLUDE_IN_FRAMEWORK_HEADER = YES;
				CLANG_WARN_RANGE_LOOP_ANALYSIS = YES;
				CLANG_WARN_STRICT_PROTOTYPES = YES;
				CLANG_WARN_SUSPICIOUS_MOVE = YES;
				CLANG_WARN_UNGUARDED_AVAILABILITY = YES_AGGRESSIVE;
				CLANG_WARN_UNREACHABLE_CODE = YES;
				CLANG_WARN__DUPLICATE_METHOD_MATCH = YES;
				COPY_PHASE_STRIP = NO;
				DEBUG_INFORMATION_FORMAT = dwarf;
				ENABLE_STRICT_OBJC_MSGSEND = YES;
				ENABLE_TESTABILITY = YES;
				GCC_C_LANGUAGE_STANDARD = gnu11;
				GCC_DYNAMIC_NO_PIC = NO;
				GCC_NO_COMMON_BLOCKS = YES;
				GCC_OPTIMIZATION_LEVEL = 0;
				GCC_PREPROCESSOR_DEFINITIONS = (
					"DEBUG=1",
					"$(inherited)",
				);
				GCC_WARN_64_TO_32_BIT_CONVERSION = YES;
				GCC_WARN_ABOUT_RETURN_TYPE = YES_ERROR;
				GCC_WARN_UNDECLARED_SELECTOR = YES;
				GCC_WARN_UNINITIALIZED_AUTOS = YES_AGGRESSIVE;
				GCC_WARN_UNUSED_FUNCTION = YES;
				GCC_WARN_UNUSED_VARIABLE = YES;
				IPHONEOS_DEPLOYMENT_TARGET = 15.4;
				MTL_ENABLE_DEBUG_INFO = INCLUDE_SOURCE;
				MTL_FAST_MATH = YES;
				ONLY_ACTIVE_ARCH = YES;
				SDKROOT = iphoneos;
				SWIFT_ACTIVE_COMPILATION_CONDITIONS = DEBUG;
				SWIFT_OPTIMIZATION_LEVEL = "-Onone";
			};
			name = Debug;
		};
		A43A153128BE73ED000437F4 /* Release */ = {
			isa = XCBuildConfiguration;
			buildSettings = {
				ALWAYS_SEARCH_USER_PATHS = NO;
				CLANG_ANALYZER_NONNULL = YES;
				CLANG_ANALYZER_NUMBER_OBJECT_CONVERSION = YES_AGGRESSIVE;
				CLANG_CXX_LANGUAGE_STANDARD = "gnu++17";
				CLANG_ENABLE_MODULES = YES;
				CLANG_ENABLE_OBJC_ARC = YES;
				CLANG_ENABLE_OBJC_WEAK = YES;
				CLANG_WARN_BLOCK_CAPTURE_AUTORELEASING = YES;
				CLANG_WARN_BOOL_CONVERSION = YES;
				CLANG_WARN_COMMA = YES;
				CLANG_WARN_CONSTANT_CONVERSION = YES;
				CLANG_WARN_DEPRECATED_OBJC_IMPLEMENTATIONS = YES;
				CLANG_WARN_DIRECT_OBJC_ISA_USAGE = YES_ERROR;
				CLANG_WARN_DOCUMENTATION_COMMENTS = YES;
				CLANG_WARN_EMPTY_BODY = YES;
				CLANG_WARN_ENUM_CONVERSION = YES;
				CLANG_WARN_INFINITE_RECURSION = YES;
				CLANG_WARN_INT_CONVERSION = YES;
				CLANG_WARN_NON_LITERAL_NULL_CONVERSION = YES;
				CLANG_WARN_OBJC_IMPLICIT_RETAIN_SELF = YES;
				CLANG_WARN_OBJC_LITERAL_CONVERSION = YES;
				CLANG_WARN_OBJC_ROOT_CLASS = YES_ERROR;
				CLANG_WARN_QUOTED_INCLUDE_IN_FRAMEWORK_HEADER = YES;
				CLANG_WARN_RANGE_LOOP_ANALYSIS = YES;
				CLANG_WARN_STRICT_PROTOTYPES = YES;
				CLANG_WARN_SUSPICIOUS_MOVE = YES;
				CLANG_WARN_UNGUARDED_AVAILABILITY = YES_AGGRESSIVE;
				CLANG_WARN_UNREACHABLE_CODE = YES;
				CLANG_WARN__DUPLICATE_METHOD_MATCH = YES;
				COPY_PHASE_STRIP = NO;
				DEBUG_INFORMATION_FORMAT = "dwarf-with-dsym";
				ENABLE_NS_ASSERTIONS = NO;
				ENABLE_STRICT_OBJC_MSGSEND = YES;
				GCC_C_LANGUAGE_STANDARD = gnu11;
				GCC_NO_COMMON_BLOCKS = YES;
				GCC_WARN_64_TO_32_BIT_CONVERSION = YES;
				GCC_WARN_ABOUT_RETURN_TYPE = YES_ERROR;
				GCC_WARN_UNDECLARED_SELECTOR = YES;
				GCC_WARN_UNINITIALIZED_AUTOS = YES_AGGRESSIVE;
				GCC_WARN_UNUSED_FUNCTION = YES;
				GCC_WARN_UNUSED_VARIABLE = YES;
				IPHONEOS_DEPLOYMENT_TARGET = 15.4;
				MTL_ENABLE_DEBUG_INFO = NO;
				MTL_FAST_MATH = YES;
				SDKROOT = iphoneos;
				SWIFT_COMPILATION_MODE = wholemodule;
				SWIFT_OPTIMIZATION_LEVEL = "-O";
				VALIDATE_PRODUCT = YES;
			};
			name = Release;
		};
		A43A153328BE73ED000437F4 /* Debug */ = {
			isa = XCBuildConfiguration;
			buildSettings = {
				ASSETCATALOG_COMPILER_APPICON_NAME = AppIcon;
				ASSETCATALOG_COMPILER_GLOBAL_ACCENT_COLOR_NAME = AccentColor;
				CODE_SIGN_STYLE = Automatic;
				CURRENT_PROJECT_VERSION = 1;
				DEVELOPMENT_ASSET_PATHS = "\"MovieSwiftUI/Preview Content\"";
				ENABLE_PREVIEWS = YES;
				GENERATE_INFOPLIST_FILE = YES;
				INFOPLIST_KEY_UIApplicationSceneManifest_Generation = YES;
				INFOPLIST_KEY_UIApplicationSupportsIndirectInputEvents = YES;
				INFOPLIST_KEY_UILaunchScreen_Generation = YES;
				INFOPLIST_KEY_UISupportedInterfaceOrientations_iPad = "UIInterfaceOrientationPortrait UIInterfaceOrientationPortraitUpsideDown UIInterfaceOrientationLandscapeLeft UIInterfaceOrientationLandscapeRight";
				INFOPLIST_KEY_UISupportedInterfaceOrientations_iPhone = "UIInterfaceOrientationPortrait UIInterfaceOrientationLandscapeLeft UIInterfaceOrientationLandscapeRight";
				LD_RUNPATH_SEARCH_PATHS = (
					"$(inherited)",
					"@executable_path/Frameworks",
				);
				MARKETING_VERSION = 1.0;
				PRODUCT_BUNDLE_IDENTIFIER = IOS.MovieSwiftUI;
				PRODUCT_NAME = "$(TARGET_NAME)";
				SWIFT_EMIT_LOC_STRINGS = YES;
				SWIFT_VERSION = 5.0;
				TARGETED_DEVICE_FAMILY = "1,2";
			};
			name = Debug;
		};
		A43A153428BE73ED000437F4 /* Release */ = {
			isa = XCBuildConfiguration;
			buildSettings = {
				ASSETCATALOG_COMPILER_APPICON_NAME = AppIcon;
				ASSETCATALOG_COMPILER_GLOBAL_ACCENT_COLOR_NAME = AccentColor;
				CODE_SIGN_STYLE = Automatic;
				CURRENT_PROJECT_VERSION = 1;
				DEVELOPMENT_ASSET_PATHS = "\"MovieSwiftUI/Preview Content\"";
				ENABLE_PREVIEWS = YES;
				GENERATE_INFOPLIST_FILE = YES;
				INFOPLIST_KEY_UIApplicationSceneManifest_Generation = YES;
				INFOPLIST_KEY_UIApplicationSupportsIndirectInputEvents = YES;
				INFOPLIST_KEY_UILaunchScreen_Generation = YES;
				INFOPLIST_KEY_UISupportedInterfaceOrientations_iPad = "UIInterfaceOrientationPortrait UIInterfaceOrientationPortraitUpsideDown UIInterfaceOrientationLandscapeLeft UIInterfaceOrientationLandscapeRight";
				INFOPLIST_KEY_UISupportedInterfaceOrientations_iPhone = "UIInterfaceOrientationPortrait UIInterfaceOrientationLandscapeLeft UIInterfaceOrientationLandscapeRight";
				LD_RUNPATH_SEARCH_PATHS = (
					"$(inherited)",
					"@executable_path/Frameworks",
				);
				MARKETING_VERSION = 1.0;
				PRODUCT_BUNDLE_IDENTIFIER = IOS.MovieSwiftUI;
				PRODUCT_NAME = "$(TARGET_NAME)";
				SWIFT_EMIT_LOC_STRINGS = YES;
				SWIFT_VERSION = 5.0;
				TARGETED_DEVICE_FAMILY = "1,2";
			};
			name = Release;
		};
/* End XCBuildConfiguration section */

/* Begin XCConfigurationList section */
		A43A151F28BE73EA000437F4 /* Build configuration list for PBXProject "MovieSwiftUI" */ = {
			isa = XCConfigurationList;
			buildConfigurations = (
				A43A153028BE73ED000437F4 /* Debug */,
				A43A153128BE73ED000437F4 /* Release */,
			);
			defaultConfigurationIsVisible = 0;
			defaultConfigurationName = Release;
		};
		A43A153228BE73ED000437F4 /* Build configuration list for PBXNativeTarget "MovieSwiftUI" */ = {
			isa = XCConfigurationList;
			buildConfigurations = (
				A43A153328BE73ED000437F4 /* Debug */,
				A43A153428BE73ED000437F4 /* Release */,
			);
			defaultConfigurationIsVisible = 0;
			defaultConfigurationName = Release;
		};
/* End XCConfigurationList section */
	};
	rootObject = A43A151C28BE73EA000437F4 /* Project object */;
}
